lockVersion: 2.0.0
id: ceb26af7-1fbd-4c3d-943d-832f8df5d4a3
management:
  docChecksum: ae73f74761e7691167b6cb5030c24dcf
  docVersion: "1.1"
  speakeasyVersion: internal
  generationVersion: 2.268.0
  releaseVersion: 0.1.0
  configChecksum: ea35d97263599e428dd9ba364232dab0
  repoURL: https://github.com/codatio/client-sdk-java.git
  repoSubDirectory: sync-for-commerce
  published: true
features:
  java:
    constsAndDefaults: 0.1.0
    core: 3.12.4
    deprecations: 2.81.1
    examples: 2.81.3
    globalSecurity: 2.82.2
    globalServerURLs: 2.82.1
    nameOverrides: 2.81.2
    retries: 0.1.1
generatedFiles:
  - src/main/java/io/codat/sync/commerce/SecuritySource.java
  - src/main/java/io/codat/sync/commerce/SDKConfiguration.java
  - src/main/java/io/codat/sync/commerce/SyncFlowSettings.java
  - src/main/java/io/codat/sync/commerce/AdvancedControls.java
  - src/main/java/io/codat/sync/commerce/Connections.java
  - src/main/java/io/codat/sync/commerce/Sync.java
  - src/main/java/io/codat/sync/commerce/Integrations.java
  - src/main/java/io/codat/sync/commerce/models/operations/GetConfigTextSyncFlowRequestBuilder.java
  - src/main/java/io/codat/sync/commerce/models/operations/GetVisibleAccountsRequestBuilder.java
  - src/main/java/io/codat/sync/commerce/models/operations/UpdateConfigTextSyncFlowRequestBuilder.java
  - src/main/java/io/codat/sync/commerce/models/operations/UpdateVisibleAccountsSyncFlowRequestBuilder.java
  - src/main/java/io/codat/sync/commerce/models/operations/CreateCompanyRequestBuilder.java
  - src/main/java/io/codat/sync/commerce/models/operations/GetConfigurationRequestBuilder.java
  - src/main/java/io/codat/sync/commerce/models/operations/ListCompaniesRequestBuilder.java
  - src/main/java/io/codat/sync/commerce/models/operations/SetConfigurationRequestBuilder.java
  - src/main/java/io/codat/sync/commerce/models/operations/CreateConnectionRequestBuilder.java
  - src/main/java/io/codat/sync/commerce/models/operations/GetSyncFlowUrlRequestBuilder.java
  - src/main/java/io/codat/sync/commerce/models/operations/ListConnectionsRequestBuilder.java
  - src/main/java/io/codat/sync/commerce/models/operations/UpdateConnectionAuthorizationRequestBuilder.java
  - src/main/java/io/codat/sync/commerce/models/operations/UpdateConnectionRequestBuilder.java
  - src/main/java/io/codat/sync/commerce/models/operations/GetSyncByIdRequestBuilder.java
  - src/main/java/io/codat/sync/commerce/models/operations/GetLastSuccessfulSyncRequestBuilder.java
  - src/main/java/io/codat/sync/commerce/models/operations/GetLatestSyncRequestBuilder.java
  - src/main/java/io/codat/sync/commerce/models/operations/GetSyncStatusRequestBuilder.java
  - src/main/java/io/codat/sync/commerce/models/operations/ListSyncsRequestBuilder.java
  - src/main/java/io/codat/sync/commerce/models/operations/RequestSyncRequestBuilder.java
  - src/main/java/io/codat/sync/commerce/models/operations/RequestSyncForDateRangeRequestBuilder.java
  - src/main/java/io/codat/sync/commerce/models/operations/GetIntegrationBrandingRequestBuilder.java
  - src/main/java/io/codat/sync/commerce/models/operations/ListIntegrationsRequestBuilder.java
  - src/main/java/io/codat/sync/commerce/models/operations/SDKMethodInterfaces.java
  - src/main/java/io/codat/sync/commerce/CodatSyncCommerce.java
  - .gitattributes
  - build.gradle
  - gradle/wrapper/gradle-wrapper.jar
  - gradle/wrapper/gradle-wrapper.properties
  - gradlew
  - gradlew.bat
  - settings.gradle
  - src/main/java/io/codat/sync/commerce/utils/BackoffStrategy.java
  - src/main/java/io/codat/sync/commerce/utils/FormMetadata.java
  - src/main/java/io/codat/sync/commerce/utils/HTTPClient.java
  - src/main/java/io/codat/sync/commerce/utils/HTTPRequest.java
  - src/main/java/io/codat/sync/commerce/utils/HeaderMetadata.java
  - src/main/java/io/codat/sync/commerce/utils/JSON.java
  - src/main/java/io/codat/sync/commerce/utils/LazySingletonValue.java
  - src/main/java/io/codat/sync/commerce/utils/Metadata.java
  - src/main/java/io/codat/sync/commerce/utils/MultipartFormMetadata.java
  - src/main/java/io/codat/sync/commerce/utils/OneOfDeserializer.java
  - src/main/java/io/codat/sync/commerce/utils/Options.java
  - src/main/java/io/codat/sync/commerce/utils/PathParamsMetadata.java
  - src/main/java/io/codat/sync/commerce/utils/QueryParameters.java
  - src/main/java/io/codat/sync/commerce/utils/QueryParamsMetadata.java
  - src/main/java/io/codat/sync/commerce/utils/RequestBody.java
  - src/main/java/io/codat/sync/commerce/utils/RequestMetadata.java
  - src/main/java/io/codat/sync/commerce/utils/Retries.java
  - src/main/java/io/codat/sync/commerce/utils/RetryConfig.java
  - src/main/java/io/codat/sync/commerce/utils/Security.java
  - src/main/java/io/codat/sync/commerce/utils/SecurityMetadata.java
  - src/main/java/io/codat/sync/commerce/utils/SerializedBody.java
  - src/main/java/io/codat/sync/commerce/utils/SpeakeasyHTTPClient.java
  - src/main/java/io/codat/sync/commerce/utils/SpeakeasyHTTPSecurityClient.java
  - src/main/java/io/codat/sync/commerce/utils/SpeakeasyMetadata.java
  - src/main/java/io/codat/sync/commerce/utils/Types.java
  - src/main/java/io/codat/sync/commerce/utils/Utils.java
  - src/main/java/io/codat/sync/commerce/models/errors/SDKError.java
  - src/main/java/io/codat/sync/commerce/models/operations/GetConfigTextSyncFlowRequest.java
  - src/main/java/io/codat/sync/commerce/models/operations/GetConfigTextSyncFlowResponse.java
  - src/main/java/io/codat/sync/commerce/models/operations/GetVisibleAccountsRequest.java
  - src/main/java/io/codat/sync/commerce/models/operations/GetVisibleAccountsResponse.java
  - src/main/java/io/codat/sync/commerce/models/operations/UpdateConfigTextSyncFlowRequest.java
  - src/main/java/io/codat/sync/commerce/models/operations/UpdateConfigTextSyncFlowResponse.java
  - src/main/java/io/codat/sync/commerce/models/operations/UpdateVisibleAccountsSyncFlowRequest.java
  - src/main/java/io/codat/sync/commerce/models/operations/UpdateVisibleAccountsSyncFlowResponse.java
  - src/main/java/io/codat/sync/commerce/models/operations/CreateCompanyResponse.java
  - src/main/java/io/codat/sync/commerce/models/operations/GetConfigurationRequest.java
  - src/main/java/io/codat/sync/commerce/models/operations/GetConfigurationResponse.java
  - src/main/java/io/codat/sync/commerce/models/operations/ListCompaniesRequest.java
  - src/main/java/io/codat/sync/commerce/models/operations/ListCompaniesResponse.java
  - src/main/java/io/codat/sync/commerce/models/operations/SetConfigurationRequest.java
  - src/main/java/io/codat/sync/commerce/models/operations/SetConfigurationResponse.java
  - src/main/java/io/codat/sync/commerce/models/operations/CreateConnectionRequestBody.java
  - src/main/java/io/codat/sync/commerce/models/operations/CreateConnectionRequest.java
  - src/main/java/io/codat/sync/commerce/models/operations/CreateConnectionResponse.java
  - src/main/java/io/codat/sync/commerce/models/operations/GetSyncFlowUrlRequest.java
  - src/main/java/io/codat/sync/commerce/models/operations/GetSyncFlowUrlResponse.java
  - src/main/java/io/codat/sync/commerce/models/operations/ListConnectionsRequest.java
  - src/main/java/io/codat/sync/commerce/models/operations/ListConnectionsResponse.java
  - src/main/java/io/codat/sync/commerce/models/operations/UpdateConnectionAuthorizationRequest.java
  - src/main/java/io/codat/sync/commerce/models/operations/UpdateConnectionAuthorizationResponse.java
  - src/main/java/io/codat/sync/commerce/models/operations/UpdateConnectionRequest.java
  - src/main/java/io/codat/sync/commerce/models/operations/UpdateConnectionResponse.java
  - src/main/java/io/codat/sync/commerce/models/operations/GetSyncByIdRequest.java
  - src/main/java/io/codat/sync/commerce/models/operations/GetSyncByIdResponse.java
  - src/main/java/io/codat/sync/commerce/models/operations/GetLastSuccessfulSyncRequest.java
  - src/main/java/io/codat/sync/commerce/models/operations/GetLastSuccessfulSyncResponse.java
  - src/main/java/io/codat/sync/commerce/models/operations/GetLatestSyncRequest.java
  - src/main/java/io/codat/sync/commerce/models/operations/GetLatestSyncResponse.java
  - src/main/java/io/codat/sync/commerce/models/operations/GetSyncStatusRequest.java
  - src/main/java/io/codat/sync/commerce/models/operations/GetSyncStatusResponse.java
  - src/main/java/io/codat/sync/commerce/models/operations/ListSyncsRequest.java
  - src/main/java/io/codat/sync/commerce/models/operations/ListSyncsResponse.java
  - src/main/java/io/codat/sync/commerce/models/operations/RequestSyncRequest.java
  - src/main/java/io/codat/sync/commerce/models/operations/RequestSyncResponse.java
  - src/main/java/io/codat/sync/commerce/models/operations/RequestSyncForDateRangeRequest.java
  - src/main/java/io/codat/sync/commerce/models/operations/RequestSyncForDateRangeResponse.java
  - src/main/java/io/codat/sync/commerce/models/operations/GetIntegrationBrandingRequest.java
  - src/main/java/io/codat/sync/commerce/models/operations/GetIntegrationBrandingResponse.java
  - src/main/java/io/codat/sync/commerce/models/operations/ListIntegrationsRequest.java
  - src/main/java/io/codat/sync/commerce/models/operations/ListIntegrationsResponse.java
  - src/main/java/io/codat/sync/commerce/models/components/Localization.java
  - src/main/java/io/codat/sync/commerce/models/components/ErrorMessage.java
  - src/main/java/io/codat/sync/commerce/models/components/ErrorValidation.java
  - src/main/java/io/codat/sync/commerce/models/components/ErrorValidationItem.java
  - src/main/java/io/codat/sync/commerce/models/components/Locale.java
  - src/main/java/io/codat/sync/commerce/models/components/VisibleAccounts.java
  - src/main/java/io/codat/sync/commerce/models/components/GroupReference.java
  - src/main/java/io/codat/sync/commerce/models/components/Company.java
  - src/main/java/io/codat/sync/commerce/models/components/Connection.java
  - src/main/java/io/codat/sync/commerce/models/components/DataConnectionStatus.java
  - src/main/java/io/codat/sync/commerce/models/components/SourceType.java
  - src/main/java/io/codat/sync/commerce/models/components/DataConnectionError.java
  - src/main/java/io/codat/sync/commerce/models/components/CreateCompany.java
  - src/main/java/io/codat/sync/commerce/models/components/Items.java
  - src/main/java/io/codat/sync/commerce/models/components/Configuration.java
  - src/main/java/io/codat/sync/commerce/models/components/Sales.java
  - src/main/java/io/codat/sync/commerce/models/components/TaxRateAmount.java
  - src/main/java/io/codat/sync/commerce/models/components/Option.java
  - src/main/java/io/codat/sync/commerce/models/components/Customer.java
  - src/main/java/io/codat/sync/commerce/models/components/NewTaxRates.java
  - src/main/java/io/codat/sync/commerce/models/components/TaxRateMapping.java
  - src/main/java/io/codat/sync/commerce/models/components/InvoiceStatus.java
  - src/main/java/io/codat/sync/commerce/models/components/Grouping.java
  - src/main/java/io/codat/sync/commerce/models/components/GroupingPeriod.java
  - src/main/java/io/codat/sync/commerce/models/components/GroupingLevels.java
  - src/main/java/io/codat/sync/commerce/models/components/InvoiceLineLevelSelection.java
  - src/main/java/io/codat/sync/commerce/models/components/InvoiceLevelSelection.java
  - src/main/java/io/codat/sync/commerce/models/components/ConfigAccount.java
  - src/main/java/io/codat/sync/commerce/models/components/AccountOption.java
  - src/main/java/io/codat/sync/commerce/models/components/Payments.java
  - src/main/java/io/codat/sync/commerce/models/components/NewPayments.java
  - src/main/java/io/codat/sync/commerce/models/components/Fees.java
  - src/main/java/io/codat/sync/commerce/models/components/FeesSupplier.java
  - src/main/java/io/codat/sync/commerce/models/components/Companies.java
  - src/main/java/io/codat/sync/commerce/models/components/Links.java
  - src/main/java/io/codat/sync/commerce/models/components/HalRef.java
  - src/main/java/io/codat/sync/commerce/models/components/SyncFlowUrl.java
  - src/main/java/io/codat/sync/commerce/models/components/Connections.java
  - src/main/java/io/codat/sync/commerce/models/components/UpdateConnection.java
  - src/main/java/io/codat/sync/commerce/models/components/CompanySyncStatus.java
  - src/main/java/io/codat/sync/commerce/models/components/SyncStatus.java
  - src/main/java/io/codat/sync/commerce/models/components/SyncDateRangeUtc.java
  - src/main/java/io/codat/sync/commerce/models/components/SyncSummary.java
  - src/main/java/io/codat/sync/commerce/models/components/SyncToLatestArgs.java
  - src/main/java/io/codat/sync/commerce/models/components/DateRange.java
  - src/main/java/io/codat/sync/commerce/models/components/SyncRange.java
  - src/main/java/io/codat/sync/commerce/models/components/Branding.java
  - src/main/java/io/codat/sync/commerce/models/components/BrandingLogo.java
  - src/main/java/io/codat/sync/commerce/models/components/BrandingImage.java
  - src/main/java/io/codat/sync/commerce/models/components/ImageReference.java
  - src/main/java/io/codat/sync/commerce/models/components/BrandingButton.java
  - src/main/java/io/codat/sync/commerce/models/components/Integrations.java
  - src/main/java/io/codat/sync/commerce/models/components/Integration.java
  - src/main/java/io/codat/sync/commerce/models/components/DataTypes.java
  - src/main/java/io/codat/sync/commerce/models/components/DataTypeFeature.java
  - src/main/java/io/codat/sync/commerce/models/components/SupportedFeature.java
  - src/main/java/io/codat/sync/commerce/models/components/FeatureType.java
  - src/main/java/io/codat/sync/commerce/models/components/FeatureState.java
  - src/main/java/io/codat/sync/commerce/models/components/Security.java
  - src/main/java/io/codat/sync/commerce/models/components/SyncConnectionDeletedWebhook.java
  - src/main/java/io/codat/sync/commerce/models/webhooks/SyncConnectionDeletedResponse.java
  - docs/models/operations/GetConfigTextSyncFlowRequest.md
  - docs/models/operations/GetConfigTextSyncFlowResponse.md
  - docs/models/operations/GetVisibleAccountsRequest.md
  - docs/models/operations/GetVisibleAccountsResponse.md
  - docs/models/operations/UpdateConfigTextSyncFlowRequest.md
  - docs/models/operations/UpdateConfigTextSyncFlowResponse.md
  - docs/models/operations/UpdateVisibleAccountsSyncFlowRequest.md
  - docs/models/operations/UpdateVisibleAccountsSyncFlowResponse.md
  - docs/models/operations/CreateCompanyResponse.md
  - docs/models/operations/GetConfigurationRequest.md
  - docs/models/operations/GetConfigurationResponse.md
  - docs/models/operations/ListCompaniesRequest.md
  - docs/models/operations/ListCompaniesResponse.md
  - docs/models/operations/SetConfigurationRequest.md
  - docs/models/operations/SetConfigurationResponse.md
  - docs/models/operations/CreateConnectionRequestBody.md
  - docs/models/operations/CreateConnectionRequest.md
  - docs/models/operations/CreateConnectionResponse.md
  - docs/models/operations/GetSyncFlowUrlRequest.md
  - docs/models/operations/GetSyncFlowUrlResponse.md
  - docs/models/operations/ListConnectionsRequest.md
  - docs/models/operations/ListConnectionsResponse.md
  - docs/models/operations/UpdateConnectionAuthorizationRequest.md
  - docs/models/operations/UpdateConnectionAuthorizationResponse.md
  - docs/models/operations/UpdateConnectionRequest.md
  - docs/models/operations/UpdateConnectionResponse.md
  - docs/models/operations/GetSyncByIdRequest.md
  - docs/models/operations/GetSyncByIdResponse.md
  - docs/models/operations/GetLastSuccessfulSyncRequest.md
  - docs/models/operations/GetLastSuccessfulSyncResponse.md
  - docs/models/operations/GetLatestSyncRequest.md
  - docs/models/operations/GetLatestSyncResponse.md
  - docs/models/operations/GetSyncStatusRequest.md
  - docs/models/operations/GetSyncStatusResponse.md
  - docs/models/operations/ListSyncsRequest.md
  - docs/models/operations/ListSyncsResponse.md
  - docs/models/operations/RequestSyncRequest.md
  - docs/models/operations/RequestSyncResponse.md
  - docs/models/operations/RequestSyncForDateRangeRequest.md
  - docs/models/operations/RequestSyncForDateRangeResponse.md
  - docs/models/operations/GetIntegrationBrandingRequest.md
  - docs/models/operations/GetIntegrationBrandingResponse.md
  - docs/models/operations/ListIntegrationsRequest.md
  - docs/models/operations/ListIntegrationsResponse.md
  - docs/models/components/Localization.md
  - docs/models/components/ErrorMessage.md
  - docs/models/components/ErrorValidation.md
  - docs/models/components/ErrorValidationItem.md
  - docs/models/components/Locale.md
  - docs/models/components/VisibleAccounts.md
  - docs/models/components/GroupReference.md
  - docs/models/components/Company.md
  - docs/models/components/Connection.md
  - docs/models/components/DataConnectionStatus.md
  - docs/models/components/SourceType.md
  - docs/models/components/DataConnectionError.md
  - docs/models/components/CreateCompany.md
  - docs/models/components/Items.md
  - docs/models/components/Configuration.md
  - docs/models/components/Sales.md
  - docs/models/components/TaxRateAmount.md
  - docs/models/components/Option.md
  - docs/models/components/Customer.md
  - docs/models/components/NewTaxRates.md
  - docs/models/components/TaxRateMapping.md
  - docs/models/components/InvoiceStatus.md
  - docs/models/components/Grouping.md
  - docs/models/components/GroupingPeriod.md
  - docs/models/components/GroupingLevels.md
  - docs/models/components/InvoiceLineLevelSelection.md
  - docs/models/components/InvoiceLevelSelection.md
  - docs/models/components/ConfigAccount.md
  - docs/models/components/AccountOption.md
  - docs/models/components/Payments.md
  - docs/models/components/NewPayments.md
  - docs/models/components/Fees.md
  - docs/models/components/FeesSupplier.md
  - docs/models/components/Companies.md
  - docs/models/components/Links.md
  - docs/models/components/HalRef.md
  - docs/models/components/SyncFlowUrl.md
  - docs/models/components/Connections.md
  - docs/models/components/UpdateConnection.md
  - docs/models/components/CompanySyncStatus.md
  - docs/models/components/SyncStatus.md
  - docs/models/components/SyncDateRangeUtc.md
  - docs/models/components/SyncSummary.md
  - docs/models/components/SyncToLatestArgs.md
  - docs/models/components/DateRange.md
  - docs/models/components/SyncRange.md
  - docs/models/components/Branding.md
  - docs/models/components/BrandingLogo.md
  - docs/models/components/BrandingImage.md
  - docs/models/components/ImageReference.md
  - docs/models/components/BrandingButton.md
  - docs/models/components/Integrations.md
  - docs/models/components/Integration.md
  - docs/models/components/DataTypes.md
  - docs/models/components/DataTypeFeature.md
  - docs/models/components/SupportedFeature.md
  - docs/models/components/FeatureType.md
  - docs/models/components/FeatureState.md
  - docs/models/components/Security.md
  - docs/models/components/SyncConnectionDeletedWebhook.md
  - docs/models/webhooks/SyncConnectionDeletedResponse.md
  - docs/sdks/codatsynccommerce/README.md
  - docs/sdks/syncflowsettings/README.md
  - docs/sdks/advancedcontrols/README.md
  - docs/sdks/connections/README.md
  - docs/sdks/sync/README.md
  - docs/sdks/integrations/README.md
  - USAGE.md
