lockVersion: 2.0.0
id: 4455a2b6-27ee-4f0b-8bef-296c677d4fd8
management:
  docChecksum: a15261c2e04a7bd37f34fe39f6ce446f
  docVersion: 3.0.0
  speakeasyVersion: internal
  generationVersion: 2.268.0
  releaseVersion: 0.1.0
  configChecksum: 4bb09c982a07748c065b53ff9eae74e1
  repoURL: https://github.com/codatio/client-sdk-java.git
  repoSubDirectory: sync-for-payroll
  published: true
features:
  java:
    constsAndDefaults: 0.1.0
    core: 3.12.4
    deprecations: 2.81.1
    examples: 2.81.3
    globalSecurity: 2.82.2
    globalServerURLs: 2.82.1
    inputOutputModels: 2.83.0
    nameOverrides: 2.81.2
    retries: 0.1.1
generatedFiles:
  - src/main/java/io/codat/sync/payroll/SecuritySource.java
  - src/main/java/io/codat/sync/payroll/SDKConfiguration.java
  - src/main/java/io/codat/sync/payroll/Companies.java
  - src/main/java/io/codat/sync/payroll/Connections.java
  - src/main/java/io/codat/sync/payroll/Accounts.java
  - src/main/java/io/codat/sync/payroll/JournalEntries.java
  - src/main/java/io/codat/sync/payroll/Journals.java
  - src/main/java/io/codat/sync/payroll/ManageData.java
  - src/main/java/io/codat/sync/payroll/CompanyInfo.java
  - src/main/java/io/codat/sync/payroll/TrackingCategories.java
  - src/main/java/io/codat/sync/payroll/models/operations/CreateCompanyRequestBuilder.java
  - src/main/java/io/codat/sync/payroll/models/operations/DeleteCompanyRequestBuilder.java
  - src/main/java/io/codat/sync/payroll/models/operations/GetCompanyRequestBuilder.java
  - src/main/java/io/codat/sync/payroll/models/operations/ListCompaniesRequestBuilder.java
  - src/main/java/io/codat/sync/payroll/models/operations/UpdateCompanyRequestBuilder.java
  - src/main/java/io/codat/sync/payroll/models/operations/CreateConnectionRequestBuilder.java
  - src/main/java/io/codat/sync/payroll/models/operations/DeleteConnectionRequestBuilder.java
  - src/main/java/io/codat/sync/payroll/models/operations/GetConnectionRequestBuilder.java
  - src/main/java/io/codat/sync/payroll/models/operations/ListConnectionsRequestBuilder.java
  - src/main/java/io/codat/sync/payroll/models/operations/UnlinkConnectionRequestBuilder.java
  - src/main/java/io/codat/sync/payroll/models/operations/CreateAccountRequestBuilder.java
  - src/main/java/io/codat/sync/payroll/models/operations/GetAccountRequestBuilder.java
  - src/main/java/io/codat/sync/payroll/models/operations/GetCreateAccountsModelRequestBuilder.java
  - src/main/java/io/codat/sync/payroll/models/operations/ListAccountsRequestBuilder.java
  - src/main/java/io/codat/sync/payroll/models/operations/CreateJournalEntryRequestBuilder.java
  - src/main/java/io/codat/sync/payroll/models/operations/DeleteJournalEntryRequestBuilder.java
  - src/main/java/io/codat/sync/payroll/models/operations/GetJournalEntryRequestBuilder.java
  - src/main/java/io/codat/sync/payroll/models/operations/GetCreateJournalEntryModelRequestBuilder.java
  - src/main/java/io/codat/sync/payroll/models/operations/ListJournalEntriesRequestBuilder.java
  - src/main/java/io/codat/sync/payroll/models/operations/CreateJournalRequestBuilder.java
  - src/main/java/io/codat/sync/payroll/models/operations/GetJournalRequestBuilder.java
  - src/main/java/io/codat/sync/payroll/models/operations/GetCreateJournalModelRequestBuilder.java
  - src/main/java/io/codat/sync/payroll/models/operations/ListJournalsRequestBuilder.java
  - src/main/java/io/codat/sync/payroll/models/operations/GetDataStatusRequestBuilder.java
  - src/main/java/io/codat/sync/payroll/models/operations/GetPullOperationRequestBuilder.java
  - src/main/java/io/codat/sync/payroll/models/operations/GetPushOperationRequestBuilder.java
  - src/main/java/io/codat/sync/payroll/models/operations/ListPushOperationsRequestBuilder.java
  - src/main/java/io/codat/sync/payroll/models/operations/ListPullOperationsRequestBuilder.java
  - src/main/java/io/codat/sync/payroll/models/operations/RefreshAllDataTypesRequestBuilder.java
  - src/main/java/io/codat/sync/payroll/models/operations/RefreshDataTypeRequestBuilder.java
  - src/main/java/io/codat/sync/payroll/models/operations/GetAccountingProfileRequestBuilder.java
  - src/main/java/io/codat/sync/payroll/models/operations/GetTrackingCategoryRequestBuilder.java
  - src/main/java/io/codat/sync/payroll/models/operations/ListTrackingCategoriesRequestBuilder.java
  - src/main/java/io/codat/sync/payroll/models/operations/SDKMethodInterfaces.java
  - src/main/java/io/codat/sync/payroll/CodatSyncPayroll.java
  - .gitattributes
  - build.gradle
  - gradle/wrapper/gradle-wrapper.jar
  - gradle/wrapper/gradle-wrapper.properties
  - gradlew
  - gradlew.bat
  - settings.gradle
  - src/main/java/io/codat/sync/payroll/utils/BackoffStrategy.java
  - src/main/java/io/codat/sync/payroll/utils/FormMetadata.java
  - src/main/java/io/codat/sync/payroll/utils/HTTPClient.java
  - src/main/java/io/codat/sync/payroll/utils/HTTPRequest.java
  - src/main/java/io/codat/sync/payroll/utils/HeaderMetadata.java
  - src/main/java/io/codat/sync/payroll/utils/JSON.java
  - src/main/java/io/codat/sync/payroll/utils/LazySingletonValue.java
  - src/main/java/io/codat/sync/payroll/utils/Metadata.java
  - src/main/java/io/codat/sync/payroll/utils/MultipartFormMetadata.java
  - src/main/java/io/codat/sync/payroll/utils/OneOfDeserializer.java
  - src/main/java/io/codat/sync/payroll/utils/Options.java
  - src/main/java/io/codat/sync/payroll/utils/PathParamsMetadata.java
  - src/main/java/io/codat/sync/payroll/utils/QueryParameters.java
  - src/main/java/io/codat/sync/payroll/utils/QueryParamsMetadata.java
  - src/main/java/io/codat/sync/payroll/utils/RequestBody.java
  - src/main/java/io/codat/sync/payroll/utils/RequestMetadata.java
  - src/main/java/io/codat/sync/payroll/utils/Retries.java
  - src/main/java/io/codat/sync/payroll/utils/RetryConfig.java
  - src/main/java/io/codat/sync/payroll/utils/Security.java
  - src/main/java/io/codat/sync/payroll/utils/SecurityMetadata.java
  - src/main/java/io/codat/sync/payroll/utils/SerializedBody.java
  - src/main/java/io/codat/sync/payroll/utils/SpeakeasyHTTPClient.java
  - src/main/java/io/codat/sync/payroll/utils/SpeakeasyHTTPSecurityClient.java
  - src/main/java/io/codat/sync/payroll/utils/SpeakeasyMetadata.java
  - src/main/java/io/codat/sync/payroll/utils/Types.java
  - src/main/java/io/codat/sync/payroll/utils/Utils.java
  - src/main/java/io/codat/sync/payroll/models/errors/SDKError.java
  - src/main/java/io/codat/sync/payroll/models/operations/CreateCompanyResponse.java
  - src/main/java/io/codat/sync/payroll/models/operations/DeleteCompanyRequest.java
  - src/main/java/io/codat/sync/payroll/models/operations/DeleteCompanyResponse.java
  - src/main/java/io/codat/sync/payroll/models/operations/GetCompanyRequest.java
  - src/main/java/io/codat/sync/payroll/models/operations/GetCompanyResponse.java
  - src/main/java/io/codat/sync/payroll/models/operations/ListCompaniesRequest.java
  - src/main/java/io/codat/sync/payroll/models/operations/ListCompaniesResponse.java
  - src/main/java/io/codat/sync/payroll/models/operations/UpdateCompanyRequest.java
  - src/main/java/io/codat/sync/payroll/models/operations/UpdateCompanyResponse.java
  - src/main/java/io/codat/sync/payroll/models/operations/CreateConnectionRequestBody.java
  - src/main/java/io/codat/sync/payroll/models/operations/CreateConnectionRequest.java
  - src/main/java/io/codat/sync/payroll/models/operations/CreateConnectionResponse.java
  - src/main/java/io/codat/sync/payroll/models/operations/DeleteConnectionRequest.java
  - src/main/java/io/codat/sync/payroll/models/operations/DeleteConnectionResponse.java
  - src/main/java/io/codat/sync/payroll/models/operations/GetConnectionRequest.java
  - src/main/java/io/codat/sync/payroll/models/operations/GetConnectionResponse.java
  - src/main/java/io/codat/sync/payroll/models/operations/ListConnectionsRequest.java
  - src/main/java/io/codat/sync/payroll/models/operations/ListConnectionsResponse.java
  - src/main/java/io/codat/sync/payroll/models/operations/UnlinkConnectionUpdateConnection.java
  - src/main/java/io/codat/sync/payroll/models/operations/UnlinkConnectionRequest.java
  - src/main/java/io/codat/sync/payroll/models/operations/UnlinkConnectionResponse.java
  - src/main/java/io/codat/sync/payroll/models/operations/CreateAccountRequest.java
  - src/main/java/io/codat/sync/payroll/models/operations/CreateAccountResponse.java
  - src/main/java/io/codat/sync/payroll/models/operations/GetAccountRequest.java
  - src/main/java/io/codat/sync/payroll/models/operations/GetAccountResponse.java
  - src/main/java/io/codat/sync/payroll/models/operations/GetCreateAccountsModelRequest.java
  - src/main/java/io/codat/sync/payroll/models/operations/GetCreateAccountsModelResponse.java
  - src/main/java/io/codat/sync/payroll/models/operations/ListAccountsRequest.java
  - src/main/java/io/codat/sync/payroll/models/operations/ListAccountsResponse.java
  - src/main/java/io/codat/sync/payroll/models/operations/CreateJournalEntryRequest.java
  - src/main/java/io/codat/sync/payroll/models/operations/CreateJournalEntryResponse.java
  - src/main/java/io/codat/sync/payroll/models/operations/DeleteJournalEntryRequest.java
  - src/main/java/io/codat/sync/payroll/models/operations/DeleteJournalEntryResponse.java
  - src/main/java/io/codat/sync/payroll/models/operations/GetJournalEntryRequest.java
  - src/main/java/io/codat/sync/payroll/models/operations/GetJournalEntryResponse.java
  - src/main/java/io/codat/sync/payroll/models/operations/GetCreateJournalEntryModelRequest.java
  - src/main/java/io/codat/sync/payroll/models/operations/GetCreateJournalEntryModelResponse.java
  - src/main/java/io/codat/sync/payroll/models/operations/ListJournalEntriesRequest.java
  - src/main/java/io/codat/sync/payroll/models/operations/ListJournalEntriesResponse.java
  - src/main/java/io/codat/sync/payroll/models/operations/CreateJournalRequest.java
  - src/main/java/io/codat/sync/payroll/models/operations/CreateJournalResponse.java
  - src/main/java/io/codat/sync/payroll/models/operations/GetJournalRequest.java
  - src/main/java/io/codat/sync/payroll/models/operations/GetJournalResponse.java
  - src/main/java/io/codat/sync/payroll/models/operations/GetCreateJournalModelRequest.java
  - src/main/java/io/codat/sync/payroll/models/operations/GetCreateJournalModelResponse.java
  - src/main/java/io/codat/sync/payroll/models/operations/ListJournalsRequest.java
  - src/main/java/io/codat/sync/payroll/models/operations/ListJournalsResponse.java
  - src/main/java/io/codat/sync/payroll/models/operations/GetDataStatusRequest.java
  - src/main/java/io/codat/sync/payroll/models/operations/GetDataStatusResponse.java
  - src/main/java/io/codat/sync/payroll/models/operations/GetPullOperationRequest.java
  - src/main/java/io/codat/sync/payroll/models/operations/GetPullOperationResponse.java
  - src/main/java/io/codat/sync/payroll/models/operations/GetPushOperationRequest.java
  - src/main/java/io/codat/sync/payroll/models/operations/GetPushOperationResponse.java
  - src/main/java/io/codat/sync/payroll/models/operations/ListPushOperationsRequest.java
  - src/main/java/io/codat/sync/payroll/models/operations/ListPushOperationsResponse.java
  - src/main/java/io/codat/sync/payroll/models/operations/ListPullOperationsRequest.java
  - src/main/java/io/codat/sync/payroll/models/operations/ListPullOperationsResponse.java
  - src/main/java/io/codat/sync/payroll/models/operations/RefreshAllDataTypesRequest.java
  - src/main/java/io/codat/sync/payroll/models/operations/RefreshAllDataTypesResponse.java
  - src/main/java/io/codat/sync/payroll/models/operations/RefreshDataTypeRequest.java
  - src/main/java/io/codat/sync/payroll/models/operations/RefreshDataTypeResponse.java
  - src/main/java/io/codat/sync/payroll/models/operations/GetAccountingProfileRequest.java
  - src/main/java/io/codat/sync/payroll/models/operations/GetAccountingProfileResponse.java
  - src/main/java/io/codat/sync/payroll/models/operations/GetTrackingCategoryRequest.java
  - src/main/java/io/codat/sync/payroll/models/operations/GetTrackingCategoryResponse.java
  - src/main/java/io/codat/sync/payroll/models/operations/ListTrackingCategoriesRequest.java
  - src/main/java/io/codat/sync/payroll/models/operations/ListTrackingCategoriesResponse.java
  - src/main/java/io/codat/sync/payroll/models/components/ErrorMessage.java
  - src/main/java/io/codat/sync/payroll/models/components/ErrorValidation.java
  - src/main/java/io/codat/sync/payroll/models/components/ErrorValidationItem.java
  - src/main/java/io/codat/sync/payroll/models/components/GroupReference.java
  - src/main/java/io/codat/sync/payroll/models/components/Company.java
  - src/main/java/io/codat/sync/payroll/models/components/SourceType.java
  - src/main/java/io/codat/sync/payroll/models/components/Connection.java
  - src/main/java/io/codat/sync/payroll/models/components/DataConnectionStatus.java
  - src/main/java/io/codat/sync/payroll/models/components/DataConnectionError.java
  - src/main/java/io/codat/sync/payroll/models/components/CompanyRequestBody.java
  - src/main/java/io/codat/sync/payroll/models/components/Items.java
  - src/main/java/io/codat/sync/payroll/models/components/Companies.java
  - src/main/java/io/codat/sync/payroll/models/components/Links.java
  - src/main/java/io/codat/sync/payroll/models/components/HalRef.java
  - src/main/java/io/codat/sync/payroll/models/components/Connections.java
  - src/main/java/io/codat/sync/payroll/models/components/CreateAccountResponseMetadata.java
  - src/main/java/io/codat/sync/payroll/models/components/CreateAccountResponseValidDataTypeLinks.java
  - src/main/java/io/codat/sync/payroll/models/components/AccountingAccount.java
  - src/main/java/io/codat/sync/payroll/models/components/CreateAccountResponse.java
  - src/main/java/io/codat/sync/payroll/models/components/Validation.java
  - src/main/java/io/codat/sync/payroll/models/components/ValidationItem.java
  - src/main/java/io/codat/sync/payroll/models/components/PushOperationStatus.java
  - src/main/java/io/codat/sync/payroll/models/components/DataType.java
  - src/main/java/io/codat/sync/payroll/models/components/AccountType.java
  - src/main/java/io/codat/sync/payroll/models/components/SupplementalData.java
  - src/main/java/io/codat/sync/payroll/models/components/AccountStatus.java
  - src/main/java/io/codat/sync/payroll/models/components/PushOperationChange.java
  - src/main/java/io/codat/sync/payroll/models/components/PushChangeType.java
  - src/main/java/io/codat/sync/payroll/models/components/PushOperationRef.java
  - src/main/java/io/codat/sync/payroll/models/components/ValidDataTypeLinks.java
  - src/main/java/io/codat/sync/payroll/models/components/AccountPrototype.java
  - src/main/java/io/codat/sync/payroll/models/components/AccountMetadata.java
  - src/main/java/io/codat/sync/payroll/models/components/AccountValidDataTypeLinks.java
  - src/main/java/io/codat/sync/payroll/models/components/Account.java
  - src/main/java/io/codat/sync/payroll/models/components/PushOption.java
  - src/main/java/io/codat/sync/payroll/models/components/PushValidationInfo.java
  - src/main/java/io/codat/sync/payroll/models/components/PushFieldValidation.java
  - src/main/java/io/codat/sync/payroll/models/components/PushOptionType.java
  - src/main/java/io/codat/sync/payroll/models/components/PushOptionProperty.java
  - src/main/java/io/codat/sync/payroll/models/components/PushOptionChoice.java
  - src/main/java/io/codat/sync/payroll/models/components/Accounts.java
  - src/main/java/io/codat/sync/payroll/models/components/AccountingJournalEntry.java
  - src/main/java/io/codat/sync/payroll/models/components/CreateJournalEntryResponse.java
  - src/main/java/io/codat/sync/payroll/models/components/JournalEntryRecordRefDataType.java
  - src/main/java/io/codat/sync/payroll/models/components/JournalEntryRecordRef.java
  - src/main/java/io/codat/sync/payroll/models/components/Metadata.java
  - src/main/java/io/codat/sync/payroll/models/components/JournalRef.java
  - src/main/java/io/codat/sync/payroll/models/components/Tracking.java
  - src/main/java/io/codat/sync/payroll/models/components/JournalLine.java
  - src/main/java/io/codat/sync/payroll/models/components/TrackingRecordRefDataType.java
  - src/main/java/io/codat/sync/payroll/models/components/TrackingRecordRef.java
  - src/main/java/io/codat/sync/payroll/models/components/AccountRef.java
  - src/main/java/io/codat/sync/payroll/models/components/JournalEntry.java
  - src/main/java/io/codat/sync/payroll/models/components/PushOperation.java
  - src/main/java/io/codat/sync/payroll/models/components/JournalEntries.java
  - src/main/java/io/codat/sync/payroll/models/components/AccountingJournal.java
  - src/main/java/io/codat/sync/payroll/models/components/CreateJournalResponse.java
  - src/main/java/io/codat/sync/payroll/models/components/JournalStatus.java
  - src/main/java/io/codat/sync/payroll/models/components/JournalPrototype.java
  - src/main/java/io/codat/sync/payroll/models/components/Journal.java
  - src/main/java/io/codat/sync/payroll/models/components/Journals.java
  - src/main/java/io/codat/sync/payroll/models/components/DataTypes.java
  - src/main/java/io/codat/sync/payroll/models/components/DataStatus.java
  - src/main/java/io/codat/sync/payroll/models/components/PullOperationStatus.java
  - src/main/java/io/codat/sync/payroll/models/components/PullOperation.java
  - src/main/java/io/codat/sync/payroll/models/components/PushOperations.java
  - src/main/java/io/codat/sync/payroll/models/components/PullOperations.java
  - src/main/java/io/codat/sync/payroll/models/components/SchemaDataType.java
  - src/main/java/io/codat/sync/payroll/models/components/CompanyInfo.java
  - src/main/java/io/codat/sync/payroll/models/components/Type.java
  - src/main/java/io/codat/sync/payroll/models/components/WebLink.java
  - src/main/java/io/codat/sync/payroll/models/components/PhoneNumber.java
  - src/main/java/io/codat/sync/payroll/models/components/PhoneNumberType.java
  - src/main/java/io/codat/sync/payroll/models/components/Address.java
  - src/main/java/io/codat/sync/payroll/models/components/AccountingAddressType.java
  - src/main/java/io/codat/sync/payroll/models/components/TrackingCategoryTree.java
  - src/main/java/io/codat/sync/payroll/models/components/Status.java
  - src/main/java/io/codat/sync/payroll/models/components/TrackingCategories.java
  - src/main/java/io/codat/sync/payroll/models/components/TrackingCategory.java
  - src/main/java/io/codat/sync/payroll/models/components/Security.java
  - src/main/java/io/codat/sync/payroll/models/components/ClientRateLimitReachedWebhook.java
  - src/main/java/io/codat/sync/payroll/models/components/ClientRateLimitReachedWebhookData.java
  - src/main/java/io/codat/sync/payroll/models/components/ClientRateLimitResetWebhook.java
  - src/main/java/io/codat/sync/payroll/models/components/ClientRateLimitResetWebhookData.java
  - src/main/java/io/codat/sync/payroll/models/webhooks/ClientRateLimitReachedResponse.java
  - src/main/java/io/codat/sync/payroll/models/webhooks/ClientRateLimitResetResponse.java
  - docs/models/operations/CreateCompanyResponse.md
  - docs/models/operations/DeleteCompanyRequest.md
  - docs/models/operations/DeleteCompanyResponse.md
  - docs/models/operations/GetCompanyRequest.md
  - docs/models/operations/GetCompanyResponse.md
  - docs/models/operations/ListCompaniesRequest.md
  - docs/models/operations/ListCompaniesResponse.md
  - docs/models/operations/UpdateCompanyRequest.md
  - docs/models/operations/UpdateCompanyResponse.md
  - docs/models/operations/CreateConnectionRequestBody.md
  - docs/models/operations/CreateConnectionRequest.md
  - docs/models/operations/CreateConnectionResponse.md
  - docs/models/operations/DeleteConnectionRequest.md
  - docs/models/operations/DeleteConnectionResponse.md
  - docs/models/operations/GetConnectionRequest.md
  - docs/models/operations/GetConnectionResponse.md
  - docs/models/operations/ListConnectionsRequest.md
  - docs/models/operations/ListConnectionsResponse.md
  - docs/models/operations/UnlinkConnectionUpdateConnection.md
  - docs/models/operations/UnlinkConnectionRequest.md
  - docs/models/operations/UnlinkConnectionResponse.md
  - docs/models/operations/CreateAccountRequest.md
  - docs/models/operations/CreateAccountResponse.md
  - docs/models/operations/GetAccountRequest.md
  - docs/models/operations/GetAccountResponse.md
  - docs/models/operations/GetCreateAccountsModelRequest.md
  - docs/models/operations/GetCreateAccountsModelResponse.md
  - docs/models/operations/ListAccountsRequest.md
  - docs/models/operations/ListAccountsResponse.md
  - docs/models/operations/CreateJournalEntryRequest.md
  - docs/models/operations/CreateJournalEntryResponse.md
  - docs/models/operations/DeleteJournalEntryRequest.md
  - docs/models/operations/DeleteJournalEntryResponse.md
  - docs/models/operations/GetJournalEntryRequest.md
  - docs/models/operations/GetJournalEntryResponse.md
  - docs/models/operations/GetCreateJournalEntryModelRequest.md
  - docs/models/operations/GetCreateJournalEntryModelResponse.md
  - docs/models/operations/ListJournalEntriesRequest.md
  - docs/models/operations/ListJournalEntriesResponse.md
  - docs/models/operations/CreateJournalRequest.md
  - docs/models/operations/CreateJournalResponse.md
  - docs/models/operations/GetJournalRequest.md
  - docs/models/operations/GetJournalResponse.md
  - docs/models/operations/GetCreateJournalModelRequest.md
  - docs/models/operations/GetCreateJournalModelResponse.md
  - docs/models/operations/ListJournalsRequest.md
  - docs/models/operations/ListJournalsResponse.md
  - docs/models/operations/GetDataStatusRequest.md
  - docs/models/operations/GetDataStatusResponse.md
  - docs/models/operations/GetPullOperationRequest.md
  - docs/models/operations/GetPullOperationResponse.md
  - docs/models/operations/GetPushOperationRequest.md
  - docs/models/operations/GetPushOperationResponse.md
  - docs/models/operations/ListPushOperationsRequest.md
  - docs/models/operations/ListPushOperationsResponse.md
  - docs/models/operations/ListPullOperationsRequest.md
  - docs/models/operations/ListPullOperationsResponse.md
  - docs/models/operations/RefreshAllDataTypesRequest.md
  - docs/models/operations/RefreshAllDataTypesResponse.md
  - docs/models/operations/RefreshDataTypeRequest.md
  - docs/models/operations/RefreshDataTypeResponse.md
  - docs/models/operations/GetAccountingProfileRequest.md
  - docs/models/operations/GetAccountingProfileResponse.md
  - docs/models/operations/GetTrackingCategoryRequest.md
  - docs/models/operations/GetTrackingCategoryResponse.md
  - docs/models/operations/ListTrackingCategoriesRequest.md
  - docs/models/operations/ListTrackingCategoriesResponse.md
  - docs/models/components/ErrorMessage.md
  - docs/models/components/ErrorValidation.md
  - docs/models/components/ErrorValidationItem.md
  - docs/models/components/GroupReference.md
  - docs/models/components/Company.md
  - docs/models/components/SourceType.md
  - docs/models/components/Connection.md
  - docs/models/components/DataConnectionStatus.md
  - docs/models/components/DataConnectionError.md
  - docs/models/components/CompanyRequestBody.md
  - docs/models/components/Items.md
  - docs/models/components/Companies.md
  - docs/models/components/Links.md
  - docs/models/components/HalRef.md
  - docs/models/components/Connections.md
  - docs/models/components/CreateAccountResponseMetadata.md
  - docs/models/components/CreateAccountResponseValidDataTypeLinks.md
  - docs/models/components/AccountingAccount.md
  - docs/models/components/CreateAccountResponse.md
  - docs/models/components/Validation.md
  - docs/models/components/ValidationItem.md
  - docs/models/components/PushOperationStatus.md
  - docs/models/components/DataType.md
  - docs/models/components/AccountType.md
  - docs/models/components/SupplementalData.md
  - docs/models/components/AccountStatus.md
  - docs/models/components/PushOperationChange.md
  - docs/models/components/PushChangeType.md
  - docs/models/components/PushOperationRef.md
  - docs/models/components/ValidDataTypeLinks.md
  - docs/models/components/AccountPrototype.md
  - docs/models/components/AccountMetadata.md
  - docs/models/components/AccountValidDataTypeLinks.md
  - docs/models/components/Account.md
  - docs/models/components/PushOption.md
  - docs/models/components/PushValidationInfo.md
  - docs/models/components/PushFieldValidation.md
  - docs/models/components/PushOptionType.md
  - docs/models/components/PushOptionProperty.md
  - docs/models/components/PushOptionChoice.md
  - docs/models/components/Accounts.md
  - docs/models/components/AccountingJournalEntry.md
  - docs/models/components/CreateJournalEntryResponse.md
  - docs/models/components/JournalEntryRecordRefDataType.md
  - docs/models/components/JournalEntryRecordRef.md
  - docs/models/components/Metadata.md
  - docs/models/components/JournalRef.md
  - docs/models/components/Tracking.md
  - docs/models/components/JournalLine.md
  - docs/models/components/TrackingRecordRefDataType.md
  - docs/models/components/TrackingRecordRef.md
  - docs/models/components/AccountRef.md
  - docs/models/components/JournalEntry.md
  - docs/models/components/PushOperation.md
  - docs/models/components/JournalEntries.md
  - docs/models/components/AccountingJournal.md
  - docs/models/components/CreateJournalResponse.md
  - docs/models/components/JournalStatus.md
  - docs/models/components/JournalPrototype.md
  - docs/models/components/Journal.md
  - docs/models/components/Journals.md
  - docs/models/components/DataTypes.md
  - docs/models/components/DataStatus.md
  - docs/models/components/PullOperationStatus.md
  - docs/models/components/PullOperation.md
  - docs/models/components/PushOperations.md
  - docs/models/components/PullOperations.md
  - docs/models/components/SchemaDataType.md
  - docs/models/components/CompanyInfo.md
  - docs/models/components/Type.md
  - docs/models/components/WebLink.md
  - docs/models/components/PhoneNumber.md
  - docs/models/components/PhoneNumberType.md
  - docs/models/components/Address.md
  - docs/models/components/AccountingAddressType.md
  - docs/models/components/TrackingCategoryTree.md
  - docs/models/components/Status.md
  - docs/models/components/TrackingCategories.md
  - docs/models/components/TrackingCategory.md
  - docs/models/components/Security.md
  - docs/models/components/ClientRateLimitReachedWebhook.md
  - docs/models/components/ClientRateLimitReachedWebhookData.md
  - docs/models/components/ClientRateLimitResetWebhook.md
  - docs/models/components/ClientRateLimitResetWebhookData.md
  - docs/models/webhooks/ClientRateLimitReachedResponse.md
  - docs/models/webhooks/ClientRateLimitResetResponse.md
  - docs/sdks/codatsyncpayroll/README.md
  - docs/sdks/companies/README.md
  - docs/sdks/connections/README.md
  - docs/sdks/accounts/README.md
  - docs/sdks/journalentries/README.md
  - docs/sdks/journals/README.md
  - docs/sdks/managedata/README.md
  - docs/sdks/companyinfo/README.md
  - docs/sdks/trackingcategories/README.md
  - USAGE.md
