lockVersion: 2.0.0
id: 68b4ba11-1085-4f18-b273-9196a9d3e697
management:
  docChecksum: 1c413a5d3d57588774d54236c89a147e
  docVersion: 3.0.0
  speakeasyVersion: internal
  generationVersion: 2.262.2
  releaseVersion: 0.2.0
  configChecksum: 22bc86450b42ad141393afebd7dd79d8
  repoURL: https://github.com/codatio/client-sdk-java.git
  repoSubDirectory: platform
  published: true
features:
  java:
    constsAndDefaults: 0.1.0
    core: 3.12.3
    deprecations: 2.81.1
    examples: 2.81.3
    globalSecurity: 2.82.2
    globalServerURLs: 2.82.1
    inputOutputModels: 2.83.0
    nameOverrides: 2.81.2
generatedFiles:
  - src/main/java/io/codat/platform/SecuritySource.java
  - src/main/java/io/codat/platform/SDKConfiguration.java
  - src/main/java/io/codat/platform/Settings.java
  - src/main/java/io/codat/platform/Companies.java
  - src/main/java/io/codat/platform/Connections.java
  - src/main/java/io/codat/platform/CustomDataType.java
  - src/main/java/io/codat/platform/PushData.java
  - src/main/java/io/codat/platform/RefreshData.java
  - src/main/java/io/codat/platform/Groups.java
  - src/main/java/io/codat/platform/Integrations.java
  - src/main/java/io/codat/platform/SupplementalData.java
  - src/main/java/io/codat/platform/Webhooks.java
  - src/main/java/io/codat/platform/models/operations/CreateApiKeyRequestBuilder.java
  - src/main/java/io/codat/platform/models/operations/DeleteApiKeyRequestBuilder.java
  - src/main/java/io/codat/platform/models/operations/GetProfileRequestBuilder.java
  - src/main/java/io/codat/platform/models/operations/GetProfileSyncSettingsRequestBuilder.java
  - src/main/java/io/codat/platform/models/operations/ListApiKeysRequestBuilder.java
  - src/main/java/io/codat/platform/models/operations/UpdateProfileRequestBuilder.java
  - src/main/java/io/codat/platform/models/operations/UpdateProfileSyncSettingsRequestBuilder.java
  - src/main/java/io/codat/platform/models/operations/CreateCompanyRequestBuilder.java
  - src/main/java/io/codat/platform/models/operations/DeleteCompanyRequestBuilder.java
  - src/main/java/io/codat/platform/models/operations/GetCompanyRequestBuilder.java
  - src/main/java/io/codat/platform/models/operations/ListCompaniesRequestBuilder.java
  - src/main/java/io/codat/platform/models/operations/UpdateCompanyRequestBuilder.java
  - src/main/java/io/codat/platform/models/operations/CreateConnectionRequestBuilder.java
  - src/main/java/io/codat/platform/models/operations/DeleteConnectionRequestBuilder.java
  - src/main/java/io/codat/platform/models/operations/GetConnectionRequestBuilder.java
  - src/main/java/io/codat/platform/models/operations/ListConnectionsRequestBuilder.java
  - src/main/java/io/codat/platform/models/operations/UnlinkConnectionRequestBuilder.java
  - src/main/java/io/codat/platform/models/operations/UpdateConnectionAuthorizationRequestBuilder.java
  - src/main/java/io/codat/platform/models/operations/ConfigureCustomDataTypeRequestBuilder.java
  - src/main/java/io/codat/platform/models/operations/GetCustomDataTypeConfigurationRequestBuilder.java
  - src/main/java/io/codat/platform/models/operations/ListCustomDataTypeRecordsRequestBuilder.java
  - src/main/java/io/codat/platform/models/operations/RefreshCustomDataTypeRequestBuilder.java
  - src/main/java/io/codat/platform/models/operations/GetCreateUpdateModelOptionsByDataTypeRequestBuilder.java
  - src/main/java/io/codat/platform/models/operations/GetPushOperationRequestBuilder.java
  - src/main/java/io/codat/platform/models/operations/GetCompanyPushHistoryRequestBuilder.java
  - src/main/java/io/codat/platform/models/operations/RefreshCompanyDataRequestBuilder.java
  - src/main/java/io/codat/platform/models/operations/RefreshDataTypeRequestBuilder.java
  - src/main/java/io/codat/platform/models/operations/GetCompanyDataStatusRequestBuilder.java
  - src/main/java/io/codat/platform/models/operations/GetPullOperationRequestBuilder.java
  - src/main/java/io/codat/platform/models/operations/ListPullOperationsRequestBuilder.java
  - src/main/java/io/codat/platform/models/operations/AddCompanyToGroupRequestBuilder.java
  - src/main/java/io/codat/platform/models/operations/CreateGroupRequestBuilder.java
  - src/main/java/io/codat/platform/models/operations/ListGroupsRequestBuilder.java
  - src/main/java/io/codat/platform/models/operations/RemoveCompanyFromGroupRequestBuilder.java
  - src/main/java/io/codat/platform/models/operations/GetIntegrationRequestBuilder.java
  - src/main/java/io/codat/platform/models/operations/GetIntegrationsBrandingRequestBuilder.java
  - src/main/java/io/codat/platform/models/operations/ListIntegrationsRequestBuilder.java
  - src/main/java/io/codat/platform/models/operations/ConfigureSupplementalDataRequestBuilder.java
  - src/main/java/io/codat/platform/models/operations/GetSupplementalDataConfigurationRequestBuilder.java
  - src/main/java/io/codat/platform/models/operations/CreateRuleRequestBuilder.java
  - src/main/java/io/codat/platform/models/operations/GetWebhookRequestBuilder.java
  - src/main/java/io/codat/platform/models/operations/ListRulesRequestBuilder.java
  - src/main/java/io/codat/platform/models/operations/SDKMethodInterfaces.java
  - src/main/java/io/codat/platform/CodatPlatform.java
  - .gitattributes
  - build.gradle
  - gradle/wrapper/gradle-wrapper.jar
  - gradle/wrapper/gradle-wrapper.properties
  - gradlew
  - gradlew.bat
  - settings.gradle
  - src/main/java/io/codat/platform/utils/FormMetadata.java
  - src/main/java/io/codat/platform/utils/HTTPClient.java
  - src/main/java/io/codat/platform/utils/HTTPRequest.java
  - src/main/java/io/codat/platform/utils/HeaderMetadata.java
  - src/main/java/io/codat/platform/utils/JSON.java
  - src/main/java/io/codat/platform/utils/LazySingletonValue.java
  - src/main/java/io/codat/platform/utils/Metadata.java
  - src/main/java/io/codat/platform/utils/MultipartFormMetadata.java
  - src/main/java/io/codat/platform/utils/OneOfDeserializer.java
  - src/main/java/io/codat/platform/utils/PathParamsMetadata.java
  - src/main/java/io/codat/platform/utils/QueryParameters.java
  - src/main/java/io/codat/platform/utils/QueryParamsMetadata.java
  - src/main/java/io/codat/platform/utils/RequestBody.java
  - src/main/java/io/codat/platform/utils/RequestMetadata.java
  - src/main/java/io/codat/platform/utils/Security.java
  - src/main/java/io/codat/platform/utils/SecurityMetadata.java
  - src/main/java/io/codat/platform/utils/SerializedBody.java
  - src/main/java/io/codat/platform/utils/SpeakeasyHTTPClient.java
  - src/main/java/io/codat/platform/utils/SpeakeasyHTTPSecurityClient.java
  - src/main/java/io/codat/platform/utils/SpeakeasyMetadata.java
  - src/main/java/io/codat/platform/utils/Types.java
  - src/main/java/io/codat/platform/utils/Utils.java
  - src/main/java/io/codat/platform/models/errors/SDKError.java
  - src/main/java/io/codat/platform/models/operations/CreateApiKeyResponse.java
  - src/main/java/io/codat/platform/models/operations/DeleteApiKeyRequest.java
  - src/main/java/io/codat/platform/models/operations/DeleteApiKeyResponse.java
  - src/main/java/io/codat/platform/models/operations/GetProfileResponse.java
  - src/main/java/io/codat/platform/models/operations/GetProfileSyncSettingsResponse.java
  - src/main/java/io/codat/platform/models/operations/ListApiKeysResponse.java
  - src/main/java/io/codat/platform/models/operations/UpdateProfileResponse.java
  - src/main/java/io/codat/platform/models/operations/UpdateProfileSyncSettingsRequestBody.java
  - src/main/java/io/codat/platform/models/operations/UpdateProfileSyncSettingsResponse.java
  - src/main/java/io/codat/platform/models/operations/CreateCompanyResponse.java
  - src/main/java/io/codat/platform/models/operations/DeleteCompanyRequest.java
  - src/main/java/io/codat/platform/models/operations/DeleteCompanyResponse.java
  - src/main/java/io/codat/platform/models/operations/GetCompanyRequest.java
  - src/main/java/io/codat/platform/models/operations/GetCompanyResponse.java
  - src/main/java/io/codat/platform/models/operations/ListCompaniesRequest.java
  - src/main/java/io/codat/platform/models/operations/ListCompaniesResponse.java
  - src/main/java/io/codat/platform/models/operations/UpdateCompanyRequest.java
  - src/main/java/io/codat/platform/models/operations/UpdateCompanyResponse.java
  - src/main/java/io/codat/platform/models/operations/CreateConnectionRequestBody.java
  - src/main/java/io/codat/platform/models/operations/CreateConnectionRequest.java
  - src/main/java/io/codat/platform/models/operations/CreateConnectionResponse.java
  - src/main/java/io/codat/platform/models/operations/DeleteConnectionRequest.java
  - src/main/java/io/codat/platform/models/operations/DeleteConnectionResponse.java
  - src/main/java/io/codat/platform/models/operations/GetConnectionRequest.java
  - src/main/java/io/codat/platform/models/operations/GetConnectionResponse.java
  - src/main/java/io/codat/platform/models/operations/ListConnectionsRequest.java
  - src/main/java/io/codat/platform/models/operations/ListConnectionsResponse.java
  - src/main/java/io/codat/platform/models/operations/UnlinkConnectionRequest.java
  - src/main/java/io/codat/platform/models/operations/UnlinkConnectionResponse.java
  - src/main/java/io/codat/platform/models/operations/UpdateConnectionAuthorizationRequest.java
  - src/main/java/io/codat/platform/models/operations/UpdateConnectionAuthorizationResponse.java
  - src/main/java/io/codat/platform/models/operations/ConfigureCustomDataTypeRequest.java
  - src/main/java/io/codat/platform/models/operations/ConfigureCustomDataTypeResponse.java
  - src/main/java/io/codat/platform/models/operations/GetCustomDataTypeConfigurationRequest.java
  - src/main/java/io/codat/platform/models/operations/GetCustomDataTypeConfigurationResponse.java
  - src/main/java/io/codat/platform/models/operations/ListCustomDataTypeRecordsRequest.java
  - src/main/java/io/codat/platform/models/operations/ListCustomDataTypeRecordsResponse.java
  - src/main/java/io/codat/platform/models/operations/RefreshCustomDataTypeRequest.java
  - src/main/java/io/codat/platform/models/operations/RefreshCustomDataTypeResponse.java
  - src/main/java/io/codat/platform/models/operations/GetCreateUpdateModelOptionsByDataTypeRequest.java
  - src/main/java/io/codat/platform/models/operations/GetCreateUpdateModelOptionsByDataTypeResponse.java
  - src/main/java/io/codat/platform/models/operations/GetPushOperationRequest.java
  - src/main/java/io/codat/platform/models/operations/GetPushOperationResponse.java
  - src/main/java/io/codat/platform/models/operations/GetCompanyPushHistoryRequest.java
  - src/main/java/io/codat/platform/models/operations/GetCompanyPushHistoryResponse.java
  - src/main/java/io/codat/platform/models/operations/RefreshCompanyDataRequest.java
  - src/main/java/io/codat/platform/models/operations/RefreshCompanyDataResponse.java
  - src/main/java/io/codat/platform/models/operations/RefreshDataTypeRequest.java
  - src/main/java/io/codat/platform/models/operations/RefreshDataTypeResponse.java
  - src/main/java/io/codat/platform/models/operations/GetCompanyDataStatusRequest.java
  - src/main/java/io/codat/platform/models/operations/GetCompanyDataStatusResponse.java
  - src/main/java/io/codat/platform/models/operations/GetPullOperationRequest.java
  - src/main/java/io/codat/platform/models/operations/GetPullOperationResponse.java
  - src/main/java/io/codat/platform/models/operations/ListPullOperationsRequest.java
  - src/main/java/io/codat/platform/models/operations/ListPullOperationsResponse.java
  - src/main/java/io/codat/platform/models/operations/AddCompanyToGroupRequest.java
  - src/main/java/io/codat/platform/models/operations/AddCompanyToGroupResponse.java
  - src/main/java/io/codat/platform/models/operations/CreateGroupResponse.java
  - src/main/java/io/codat/platform/models/operations/ListGroupsResponse.java
  - src/main/java/io/codat/platform/models/operations/RemoveCompanyFromGroupRequest.java
  - src/main/java/io/codat/platform/models/operations/RemoveCompanyFromGroupResponse.java
  - src/main/java/io/codat/platform/models/operations/GetIntegrationRequest.java
  - src/main/java/io/codat/platform/models/operations/GetIntegrationResponse.java
  - src/main/java/io/codat/platform/models/operations/GetIntegrationsBrandingRequest.java
  - src/main/java/io/codat/platform/models/operations/GetIntegrationsBrandingResponse.java
  - src/main/java/io/codat/platform/models/operations/ListIntegrationsRequest.java
  - src/main/java/io/codat/platform/models/operations/ListIntegrationsResponse.java
  - src/main/java/io/codat/platform/models/operations/DataType.java
  - src/main/java/io/codat/platform/models/operations/ConfigureSupplementalDataRequest.java
  - src/main/java/io/codat/platform/models/operations/ConfigureSupplementalDataResponse.java
  - src/main/java/io/codat/platform/models/operations/PathParamDataType.java
  - src/main/java/io/codat/platform/models/operations/GetSupplementalDataConfigurationRequest.java
  - src/main/java/io/codat/platform/models/operations/GetSupplementalDataConfigurationResponse.java
  - src/main/java/io/codat/platform/models/operations/CreateRuleResponse.java
  - src/main/java/io/codat/platform/models/operations/GetWebhookRequest.java
  - src/main/java/io/codat/platform/models/operations/GetWebhookResponse.java
  - src/main/java/io/codat/platform/models/operations/ListRulesRequest.java
  - src/main/java/io/codat/platform/models/operations/ListRulesResponse.java
  - src/main/java/io/codat/platform/models/shared/ErrorMessage.java
  - src/main/java/io/codat/platform/models/shared/ErrorValidation.java
  - src/main/java/io/codat/platform/models/shared/ErrorValidationItem.java
  - src/main/java/io/codat/platform/models/shared/ApiKeyDetails.java
  - src/main/java/io/codat/platform/models/shared/CreateApiKey.java
  - src/main/java/io/codat/platform/models/shared/Profile.java
  - src/main/java/io/codat/platform/models/shared/SyncSettings.java
  - src/main/java/io/codat/platform/models/shared/SyncSetting.java
  - src/main/java/io/codat/platform/models/shared/DataType.java
  - src/main/java/io/codat/platform/models/shared/ApiKeys.java
  - src/main/java/io/codat/platform/models/shared/Company.java
  - src/main/java/io/codat/platform/models/shared/GroupRef.java
  - src/main/java/io/codat/platform/models/shared/Connection.java
  - src/main/java/io/codat/platform/models/shared/DataConnectionStatus.java
  - src/main/java/io/codat/platform/models/shared/SourceType.java
  - src/main/java/io/codat/platform/models/shared/DataConnectionError.java
  - src/main/java/io/codat/platform/models/shared/CompanyRequestBody.java
  - src/main/java/io/codat/platform/models/shared/Companies.java
  - src/main/java/io/codat/platform/models/shared/Links.java
  - src/main/java/io/codat/platform/models/shared/HalRef.java
  - src/main/java/io/codat/platform/models/shared/Connections.java
  - src/main/java/io/codat/platform/models/shared/UpdateConnectionStatus.java
  - src/main/java/io/codat/platform/models/shared/CustomDataTypeConfiguration.java
  - src/main/java/io/codat/platform/models/shared/CustomDataTypeRecords.java
  - src/main/java/io/codat/platform/models/shared/Content.java
  - src/main/java/io/codat/platform/models/shared/ModifiedDate.java
  - src/main/java/io/codat/platform/models/shared/CustomDataTypeRecord.java
  - src/main/java/io/codat/platform/models/shared/Status.java
  - src/main/java/io/codat/platform/models/shared/PullOperation.java
  - src/main/java/io/codat/platform/models/shared/PushOption.java
  - src/main/java/io/codat/platform/models/shared/PushValidationInfo.java
  - src/main/java/io/codat/platform/models/shared/PushFieldValidation.java
  - src/main/java/io/codat/platform/models/shared/PushOptionType.java
  - src/main/java/io/codat/platform/models/shared/PushOptionProperty.java
  - src/main/java/io/codat/platform/models/shared/PushOptionChoice.java
  - src/main/java/io/codat/platform/models/shared/SchemaDataType.java
  - src/main/java/io/codat/platform/models/shared/PushOperation.java
  - src/main/java/io/codat/platform/models/shared/Validation.java
  - src/main/java/io/codat/platform/models/shared/ValidationItem.java
  - src/main/java/io/codat/platform/models/shared/PushOperationStatus.java
  - src/main/java/io/codat/platform/models/shared/PushOperationChange.java
  - src/main/java/io/codat/platform/models/shared/PushChangeType.java
  - src/main/java/io/codat/platform/models/shared/PushOperationRef.java
  - src/main/java/io/codat/platform/models/shared/PushOperations.java
  - src/main/java/io/codat/platform/models/shared/DataTypes.java
  - src/main/java/io/codat/platform/models/shared/DataStatus.java
  - src/main/java/io/codat/platform/models/shared/PullOperations.java
  - src/main/java/io/codat/platform/models/shared/CompanyGroupAssignment.java
  - src/main/java/io/codat/platform/models/shared/Group.java
  - src/main/java/io/codat/platform/models/shared/GroupPrototype.java
  - src/main/java/io/codat/platform/models/shared/Groups.java
  - src/main/java/io/codat/platform/models/shared/Integration.java
  - src/main/java/io/codat/platform/models/shared/DataTypeFeature.java
  - src/main/java/io/codat/platform/models/shared/SupportedFeature.java
  - src/main/java/io/codat/platform/models/shared/FeatureType.java
  - src/main/java/io/codat/platform/models/shared/FeatureState.java
  - src/main/java/io/codat/platform/models/shared/Branding.java
  - src/main/java/io/codat/platform/models/shared/BrandingLogo.java
  - src/main/java/io/codat/platform/models/shared/BrandingImage.java
  - src/main/java/io/codat/platform/models/shared/ImageReference.java
  - src/main/java/io/codat/platform/models/shared/BrandingButton.java
  - src/main/java/io/codat/platform/models/shared/Integrations.java
  - src/main/java/io/codat/platform/models/shared/SupplementalDataSourceConfiguration.java
  - src/main/java/io/codat/platform/models/shared/SupplementalDataConfiguration.java
  - src/main/java/io/codat/platform/models/shared/Webhook.java
  - src/main/java/io/codat/platform/models/shared/WebhookNotifier.java
  - src/main/java/io/codat/platform/models/shared/CreateRule.java
  - src/main/java/io/codat/platform/models/shared/Webhooks.java
  - src/main/java/io/codat/platform/models/shared/Security.java
  - src/main/java/io/codat/platform/models/shared/ClientRateLimitReachedWebhook.java
  - src/main/java/io/codat/platform/models/shared/ClientRateLimitReachedWebhookData.java
  - src/main/java/io/codat/platform/models/shared/ClientRateLimitResetWebhook.java
  - src/main/java/io/codat/platform/models/shared/ClientRateLimitResetWebhookData.java
  - src/main/java/io/codat/platform/models/shared/ConnectionStatusChangedWebhook.java
  - src/main/java/io/codat/platform/models/shared/ConnectionStatusChangedWebhookData.java
  - src/main/java/io/codat/platform/models/shared/DataSyncCompletedWebhook.java
  - src/main/java/io/codat/platform/models/shared/DataSyncCompletedWebhookData.java
  - src/main/java/io/codat/platform/models/shared/DatasetDataChangedWebhookData.java
  - src/main/java/io/codat/platform/models/shared/DatasetDataChangedWebhook.java
  - src/main/java/io/codat/platform/models/shared/DatasetStatusChangedErrorWebhook.java
  - src/main/java/io/codat/platform/models/shared/DatasetStatusChangedErrorWebhookData.java
  - src/main/java/io/codat/platform/models/shared/NewCompanySynchronizedWebhook.java
  - src/main/java/io/codat/platform/models/shared/NewCompanySynchronizedWebhookData.java
  - src/main/java/io/codat/platform/models/shared/PushOperationTimedOutWebhook.java
  - src/main/java/io/codat/platform/models/shared/PushOperationTimedOutWebhookData.java
  - src/main/java/io/codat/platform/models/shared/PushOperationStatusChangedWebhook.java
  - src/main/java/io/codat/platform/models/shared/PushOperationStatusChangedWebhookData.java
  - src/main/java/io/codat/platform/models/webhooks/ClientRateLimitReachedResponse.java
  - src/main/java/io/codat/platform/models/webhooks/ClientRateLimitResetResponse.java
  - src/main/java/io/codat/platform/models/webhooks/CompanyDataConnectionStatusChangedResponse.java
  - src/main/java/io/codat/platform/models/webhooks/DataSyncCompletedResponse.java
  - src/main/java/io/codat/platform/models/webhooks/DatasetDataChangedResponse.java
  - src/main/java/io/codat/platform/models/webhooks/DatasetStatusHasChangedToAnErrorStateResponse.java
  - src/main/java/io/codat/platform/models/webhooks/NewCompanySynchronizedResponse.java
  - src/main/java/io/codat/platform/models/webhooks/PushOperationHasTimedOutResponse.java
  - src/main/java/io/codat/platform/models/webhooks/PushOperationStatusHasChangedResponse.java
  - docs/models/operations/CreateApiKeyResponse.md
  - docs/models/operations/DeleteApiKeyRequest.md
  - docs/models/operations/DeleteApiKeyResponse.md
  - docs/models/operations/GetProfileResponse.md
  - docs/models/operations/GetProfileSyncSettingsResponse.md
  - docs/models/operations/ListApiKeysResponse.md
  - docs/models/operations/UpdateProfileResponse.md
  - docs/models/operations/UpdateProfileSyncSettingsRequestBody.md
  - docs/models/operations/UpdateProfileSyncSettingsResponse.md
  - docs/models/operations/CreateCompanyResponse.md
  - docs/models/operations/DeleteCompanyRequest.md
  - docs/models/operations/DeleteCompanyResponse.md
  - docs/models/operations/GetCompanyRequest.md
  - docs/models/operations/GetCompanyResponse.md
  - docs/models/operations/ListCompaniesRequest.md
  - docs/models/operations/ListCompaniesResponse.md
  - docs/models/operations/UpdateCompanyRequest.md
  - docs/models/operations/UpdateCompanyResponse.md
  - docs/models/operations/CreateConnectionRequestBody.md
  - docs/models/operations/CreateConnectionRequest.md
  - docs/models/operations/CreateConnectionResponse.md
  - docs/models/operations/DeleteConnectionRequest.md
  - docs/models/operations/DeleteConnectionResponse.md
  - docs/models/operations/GetConnectionRequest.md
  - docs/models/operations/GetConnectionResponse.md
  - docs/models/operations/ListConnectionsRequest.md
  - docs/models/operations/ListConnectionsResponse.md
  - docs/models/operations/UnlinkConnectionRequest.md
  - docs/models/operations/UnlinkConnectionResponse.md
  - docs/models/operations/UpdateConnectionAuthorizationRequest.md
  - docs/models/operations/UpdateConnectionAuthorizationResponse.md
  - docs/models/operations/ConfigureCustomDataTypeRequest.md
  - docs/models/operations/ConfigureCustomDataTypeResponse.md
  - docs/models/operations/GetCustomDataTypeConfigurationRequest.md
  - docs/models/operations/GetCustomDataTypeConfigurationResponse.md
  - docs/models/operations/ListCustomDataTypeRecordsRequest.md
  - docs/models/operations/ListCustomDataTypeRecordsResponse.md
  - docs/models/operations/RefreshCustomDataTypeRequest.md
  - docs/models/operations/RefreshCustomDataTypeResponse.md
  - docs/models/operations/GetCreateUpdateModelOptionsByDataTypeRequest.md
  - docs/models/operations/GetCreateUpdateModelOptionsByDataTypeResponse.md
  - docs/models/operations/GetPushOperationRequest.md
  - docs/models/operations/GetPushOperationResponse.md
  - docs/models/operations/GetCompanyPushHistoryRequest.md
  - docs/models/operations/GetCompanyPushHistoryResponse.md
  - docs/models/operations/RefreshCompanyDataRequest.md
  - docs/models/operations/RefreshCompanyDataResponse.md
  - docs/models/operations/RefreshDataTypeRequest.md
  - docs/models/operations/RefreshDataTypeResponse.md
  - docs/models/operations/GetCompanyDataStatusRequest.md
  - docs/models/operations/GetCompanyDataStatusResponse.md
  - docs/models/operations/GetPullOperationRequest.md
  - docs/models/operations/GetPullOperationResponse.md
  - docs/models/operations/ListPullOperationsRequest.md
  - docs/models/operations/ListPullOperationsResponse.md
  - docs/models/operations/AddCompanyToGroupRequest.md
  - docs/models/operations/AddCompanyToGroupResponse.md
  - docs/models/operations/CreateGroupResponse.md
  - docs/models/operations/ListGroupsResponse.md
  - docs/models/operations/RemoveCompanyFromGroupRequest.md
  - docs/models/operations/RemoveCompanyFromGroupResponse.md
  - docs/models/operations/GetIntegrationRequest.md
  - docs/models/operations/GetIntegrationResponse.md
  - docs/models/operations/GetIntegrationsBrandingRequest.md
  - docs/models/operations/GetIntegrationsBrandingResponse.md
  - docs/models/operations/ListIntegrationsRequest.md
  - docs/models/operations/ListIntegrationsResponse.md
  - docs/models/operations/DataType.md
  - docs/models/operations/ConfigureSupplementalDataRequest.md
  - docs/models/operations/ConfigureSupplementalDataResponse.md
  - docs/models/operations/PathParamDataType.md
  - docs/models/operations/GetSupplementalDataConfigurationRequest.md
  - docs/models/operations/GetSupplementalDataConfigurationResponse.md
  - docs/models/operations/CreateRuleResponse.md
  - docs/models/operations/GetWebhookRequest.md
  - docs/models/operations/GetWebhookResponse.md
  - docs/models/operations/ListRulesRequest.md
  - docs/models/operations/ListRulesResponse.md
  - docs/models/shared/ErrorMessage.md
  - docs/models/shared/ErrorValidation.md
  - docs/models/shared/ErrorValidationItem.md
  - docs/models/shared/ApiKeyDetails.md
  - docs/models/shared/CreateApiKey.md
  - docs/models/shared/Profile.md
  - docs/models/shared/SyncSettings.md
  - docs/models/shared/SyncSetting.md
  - docs/models/shared/DataType.md
  - docs/models/shared/ApiKeys.md
  - docs/models/shared/Company.md
  - docs/models/shared/GroupRef.md
  - docs/models/shared/Connection.md
  - docs/models/shared/DataConnectionStatus.md
  - docs/models/shared/SourceType.md
  - docs/models/shared/DataConnectionError.md
  - docs/models/shared/CompanyRequestBody.md
  - docs/models/shared/Companies.md
  - docs/models/shared/Links.md
  - docs/models/shared/HalRef.md
  - docs/models/shared/Connections.md
  - docs/models/shared/UpdateConnectionStatus.md
  - docs/models/shared/CustomDataTypeConfiguration.md
  - docs/models/shared/CustomDataTypeRecords.md
  - docs/models/shared/Content.md
  - docs/models/shared/ModifiedDate.md
  - docs/models/shared/CustomDataTypeRecord.md
  - docs/models/shared/Status.md
  - docs/models/shared/PullOperation.md
  - docs/models/shared/PushOption.md
  - docs/models/shared/PushValidationInfo.md
  - docs/models/shared/PushFieldValidation.md
  - docs/models/shared/PushOptionType.md
  - docs/models/shared/PushOptionProperty.md
  - docs/models/shared/PushOptionChoice.md
  - docs/models/shared/SchemaDataType.md
  - docs/models/shared/PushOperation.md
  - docs/models/shared/Validation.md
  - docs/models/shared/ValidationItem.md
  - docs/models/shared/PushOperationStatus.md
  - docs/models/shared/PushOperationChange.md
  - docs/models/shared/PushChangeType.md
  - docs/models/shared/PushOperationRef.md
  - docs/models/shared/PushOperations.md
  - docs/models/shared/DataTypes.md
  - docs/models/shared/DataStatus.md
  - docs/models/shared/PullOperations.md
  - docs/models/shared/CompanyGroupAssignment.md
  - docs/models/shared/Group.md
  - docs/models/shared/GroupPrototype.md
  - docs/models/shared/Groups.md
  - docs/models/shared/Integration.md
  - docs/models/shared/DataTypeFeature.md
  - docs/models/shared/SupportedFeature.md
  - docs/models/shared/FeatureType.md
  - docs/models/shared/FeatureState.md
  - docs/models/shared/Branding.md
  - docs/models/shared/BrandingLogo.md
  - docs/models/shared/BrandingImage.md
  - docs/models/shared/ImageReference.md
  - docs/models/shared/BrandingButton.md
  - docs/models/shared/Integrations.md
  - docs/models/shared/SupplementalDataSourceConfiguration.md
  - docs/models/shared/SupplementalDataConfiguration.md
  - docs/models/shared/Webhook.md
  - docs/models/shared/WebhookNotifier.md
  - docs/models/shared/CreateRule.md
  - docs/models/shared/Webhooks.md
  - docs/models/shared/Security.md
  - docs/models/shared/ClientRateLimitReachedWebhook.md
  - docs/models/shared/ClientRateLimitReachedWebhookData.md
  - docs/models/shared/ClientRateLimitResetWebhook.md
  - docs/models/shared/ClientRateLimitResetWebhookData.md
  - docs/models/shared/ConnectionStatusChangedWebhook.md
  - docs/models/shared/ConnectionStatusChangedWebhookData.md
  - docs/models/shared/DataSyncCompletedWebhook.md
  - docs/models/shared/DataSyncCompletedWebhookData.md
  - docs/models/shared/DatasetDataChangedWebhookData.md
  - docs/models/shared/DatasetDataChangedWebhook.md
  - docs/models/shared/DatasetStatusChangedErrorWebhook.md
  - docs/models/shared/DatasetStatusChangedErrorWebhookData.md
  - docs/models/shared/NewCompanySynchronizedWebhook.md
  - docs/models/shared/NewCompanySynchronizedWebhookData.md
  - docs/models/shared/PushOperationTimedOutWebhook.md
  - docs/models/shared/PushOperationTimedOutWebhookData.md
  - docs/models/shared/PushOperationStatusChangedWebhook.md
  - docs/models/shared/PushOperationStatusChangedWebhookData.md
  - docs/models/webhooks/ClientRateLimitReachedResponse.md
  - docs/models/webhooks/ClientRateLimitResetResponse.md
  - docs/models/webhooks/CompanyDataConnectionStatusChangedResponse.md
  - docs/models/webhooks/DataSyncCompletedResponse.md
  - docs/models/webhooks/DatasetDataChangedResponse.md
  - docs/models/webhooks/DatasetStatusHasChangedToAnErrorStateResponse.md
  - docs/models/webhooks/NewCompanySynchronizedResponse.md
  - docs/models/webhooks/PushOperationHasTimedOutResponse.md
  - docs/models/webhooks/PushOperationStatusHasChangedResponse.md
  - docs/sdks/codatplatform/README.md
  - docs/sdks/settings/README.md
  - docs/sdks/companies/README.md
  - docs/sdks/connections/README.md
  - docs/sdks/customdatatype/README.md
  - docs/sdks/pushdata/README.md
  - docs/sdks/refreshdata/README.md
  - docs/sdks/groups/README.md
  - docs/sdks/integrations/README.md
  - docs/sdks/supplementaldata/README.md
  - docs/sdks/webhooks/README.md
  - USAGE.md
