speakeasyVersion: 1.446.1
sources:
    accounting-source:
        sourceNamespace: accounting-source
        sourceRevisionDigest: sha256:6f791384165b22edcf0fbe3821add7a7bcf0857bec12c09218b6a9324bca1203
        sourceBlobDigest: sha256:1196b9f04ffba9bfc30292d059e6e63e93b26fe3f8ca92cab6d58df8de86c4ca
        tags:
            - latest
            - main
    bank-feeds-source:
        sourceNamespace: bank-feeds-source
        sourceRevisionDigest: sha256:a6479feafb8f4f49461fb9347578ab34619bcba818605cb5ab74f241dc1eb328
        sourceBlobDigest: sha256:a490b555d6f186cd37f72a06e06ba49293a0f371d145db2d9913d5081ecfc5a2
        tags:
            - latest
            - main
    banking-source:
        sourceNamespace: banking-source
        sourceRevisionDigest: sha256:ba6aa66d7b50ed4631adca7711ffdf2a76270842ca4be92413d92c5644116692
        sourceBlobDigest: sha256:78c7d7c24581662bec85176d517f23c35ad9b6e569b1c23ac199b9b50a96063a
        tags:
            - latest
            - main
    lending-source:
        sourceNamespace: lending-source
        sourceRevisionDigest: sha256:5a8f78f55041d1add3c28c608bfa608192a2ea121ee8f76fa2b63ee0df812be0
        sourceBlobDigest: sha256:0bb930c7190c9e61384e5af6224f76ea004ad9bc0788b264aaa35b9ebad5699f
        tags:
            - latest
            - speakeasy-sdk-regen-1731929475
    platform-source:
        sourceNamespace: platform-source
        sourceRevisionDigest: sha256:cb42f68f66e5e7de67c90c7f7e394420f5c76622915a83de6ef61a109a7ee77f
        sourceBlobDigest: sha256:d80a27e44fffb9c61f16a99e7d25c294f39be1a5a761d51a87c76477f8589f54
        tags:
            - latest
            - speakeasy-sdk-regen-1732624984
            - 3.0.0
    sync-for-commerce-source:
        sourceNamespace: sync-for-commerce-source
        sourceRevisionDigest: sha256:cb5d21b0772d51cab179e51e610a8a801e4535bf1beb0deef33f63bd8ca7a5cc
        sourceBlobDigest: sha256:ab64a148f650a63d3411abb1686ffdcc252ddb1525415957d2dcd7e818882594
        tags:
            - latest
            - main
    sync-for-expenses-source:
        sourceNamespace: sync-for-expenses-source
        sourceRevisionDigest: sha256:b5eb22d9cecae898f800d1dd163828079b3e370e151cb6dbf02122f0c8cff9cc
        sourceBlobDigest: sha256:7f399328e7bf537a3e5ee884667234673d34c00e889182df4e2b0500bb91dcfd
        tags:
            - latest
            - main
    sync-for-payables-source:
        sourceNamespace: sync-for-payables-source
        sourceRevisionDigest: sha256:b7ab686758f0afcdfdea71a46fe64a0cc9e8e4ce32af1314372c9134dbb13ad6
        sourceBlobDigest: sha256:f472244dc98845d90f55da060a2cc4acee05c771a89a0ff55bc5db04108e5693
        tags:
            - latest
            - main
    sync-for-payroll-source:
        sourceNamespace: sync-for-payroll-source
        sourceRevisionDigest: sha256:9a6cc9d1da201eabac09e3f13d97e740b849b852f5f83b828ff41f58ad9849b3
        sourceBlobDigest: sha256:367f56c8bbc3e5f79b13390764a0e77ad2d9d25ca3e515c1c62b19fe459d927c
        tags:
            - latest
            - main
targets:
    accounting-library:
        source: accounting-source
        sourceNamespace: accounting-source
        sourceRevisionDigest: sha256:6f791384165b22edcf0fbe3821add7a7bcf0857bec12c09218b6a9324bca1203
        sourceBlobDigest: sha256:1196b9f04ffba9bfc30292d059e6e63e93b26fe3f8ca92cab6d58df8de86c4ca
    bank-feeds-library:
        source: bank-feeds-source
        sourceNamespace: bank-feeds-source
        sourceRevisionDigest: sha256:a6479feafb8f4f49461fb9347578ab34619bcba818605cb5ab74f241dc1eb328
        sourceBlobDigest: sha256:a490b555d6f186cd37f72a06e06ba49293a0f371d145db2d9913d5081ecfc5a2
    banking-library:
        source: banking-source
        sourceNamespace: banking-source
        sourceRevisionDigest: sha256:ba6aa66d7b50ed4631adca7711ffdf2a76270842ca4be92413d92c5644116692
        sourceBlobDigest: sha256:78c7d7c24581662bec85176d517f23c35ad9b6e569b1c23ac199b9b50a96063a
    lending-library:
        source: lending-source
        sourceNamespace: lending-source
        sourceRevisionDigest: sha256:5a8f78f55041d1add3c28c608bfa608192a2ea121ee8f76fa2b63ee0df812be0
        sourceBlobDigest: sha256:0bb930c7190c9e61384e5af6224f76ea004ad9bc0788b264aaa35b9ebad5699f
        codeSamplesNamespace: lending-source-code-samples
        codeSamplesRevisionDigest: sha256:ef8621b10a4d23ed63b9403e8125aedb700dc5e22c05376cd90debf7bbc40382
    platform-library:
        source: platform-source
        sourceNamespace: platform-source
        sourceRevisionDigest: sha256:cb42f68f66e5e7de67c90c7f7e394420f5c76622915a83de6ef61a109a7ee77f
        sourceBlobDigest: sha256:d80a27e44fffb9c61f16a99e7d25c294f39be1a5a761d51a87c76477f8589f54
        codeSamplesNamespace: platform-source-code-samples
        codeSamplesRevisionDigest: sha256:28f7a3f72204d1d2978810d8bbe3e6db937bb205365be74b06d75c209020a65f
    sync-for-commerce-library:
        source: sync-for-commerce-source
        sourceNamespace: sync-for-commerce-source
        sourceRevisionDigest: sha256:cb5d21b0772d51cab179e51e610a8a801e4535bf1beb0deef33f63bd8ca7a5cc
        sourceBlobDigest: sha256:ab64a148f650a63d3411abb1686ffdcc252ddb1525415957d2dcd7e818882594
    sync-for-expenses-library:
        source: sync-for-expenses-source
        sourceNamespace: sync-for-expenses-source
        sourceRevisionDigest: sha256:b5eb22d9cecae898f800d1dd163828079b3e370e151cb6dbf02122f0c8cff9cc
        sourceBlobDigest: sha256:7f399328e7bf537a3e5ee884667234673d34c00e889182df4e2b0500bb91dcfd
    sync-for-payables-library:
        source: sync-for-payables-source
        sourceNamespace: sync-for-payables-source
        sourceRevisionDigest: sha256:b7ab686758f0afcdfdea71a46fe64a0cc9e8e4ce32af1314372c9134dbb13ad6
        sourceBlobDigest: sha256:f472244dc98845d90f55da060a2cc4acee05c771a89a0ff55bc5db04108e5693
    sync-for-payroll-library:
        source: sync-for-payroll-source
        sourceNamespace: sync-for-payroll-source
        sourceRevisionDigest: sha256:9a6cc9d1da201eabac09e3f13d97e740b849b852f5f83b828ff41f58ad9849b3
        sourceBlobDigest: sha256:367f56c8bbc3e5f79b13390764a0e77ad2d9d25ca3e515c1c62b19fe459d927c
workflow:
    workflowVersion: 1.0.0
    speakeasyVersion: latest
    sources:
        accounting-source:
            inputs:
                - location: https://raw.githubusercontent.com/codatio/oas/main/yaml/Codat-Accounting.yaml
            registry:
                location: registry.speakeasyapi.dev/codat/codat/accounting-source
        bank-feeds-source:
            inputs:
                - location: https://raw.githubusercontent.com/codatio/oas/main/yaml/Codat-Bank-Feeds.yaml
            registry:
                location: registry.speakeasyapi.dev/codat/codat/bank-feeds-source
        banking-source:
            inputs:
                - location: https://raw.githubusercontent.com/codatio/oas/main/yaml/Codat-Banking.yaml
            registry:
                location: registry.speakeasyapi.dev/codat/codat/banking-source
        lending-source:
            inputs:
                - location: https://raw.githubusercontent.com/codatio/oas/main/yaml/Codat-Lending.yaml
            registry:
                location: registry.speakeasyapi.dev/codat/codat/lending-source
        platform-source:
            inputs:
                - location: https://raw.githubusercontent.com/codatio/oas/main/yaml/Codat-Platform.yaml
            registry:
                location: registry.speakeasyapi.dev/codat/codat/platform-source
        sync-for-commerce-source:
            inputs:
                - location: https://raw.githubusercontent.com/codatio/oas/main/yaml/Codat-Sync-Commerce.yaml
            registry:
                location: registry.speakeasyapi.dev/codat/codat/sync-for-commerce-source
        sync-for-expenses-source:
            inputs:
                - location: https://raw.githubusercontent.com/codatio/oas/main/yaml/Codat-Sync-Expenses.yaml
            registry:
                location: registry.speakeasyapi.dev/codat/codat/sync-for-expenses-source
        sync-for-payables-source:
            inputs:
                - location: https://raw.githubusercontent.com/codatio/oas/main/yaml/Codat-Sync-Payables.yaml
            registry:
                location: registry.speakeasyapi.dev/codat/codat/sync-for-payables-source
        sync-for-payroll-source:
            inputs:
                - location: https://raw.githubusercontent.com/codatio/oas/main/yaml/Codat-Sync-Payroll.yaml
            registry:
                location: registry.speakeasyapi.dev/codat/codat/sync-for-payroll-source
    targets:
        accounting-library:
            target: java
            source: accounting-source
            output: previous-versions/accounting
            publish:
                java:
                    ossrhUsername: $ossrh_username
                    ossrhPassword: $ossrh_password
                    gpgSecretKey: $java_gpg_secret_key
                    gpgPassPhrase: $java_gpg_passphrase
            codeSamples:
                registry:
                    location: registry.speakeasyapi.dev/codat/codat/accounting-source-code-samples
                blocking: false
        bank-feeds-library:
            target: java
            source: bank-feeds-source
            output: bank-feeds
            publish:
                java:
                    ossrhUsername: $ossrh_username
                    ossrhPassword: $ossrh_password
                    gpgSecretKey: $java_gpg_secret_key
                    gpgPassPhrase: $java_gpg_passphrase
            codeSamples:
                registry:
                    location: registry.speakeasyapi.dev/codat/codat/bank-feeds-source-code-samples
                blocking: false
        banking-library:
            target: java
            source: banking-source
            output: previous-versions/banking
            publish:
                java:
                    ossrhUsername: $ossrh_username
                    ossrhPassword: $ossrh_password
                    gpgSecretKey: $java_gpg_secret_key
                    gpgPassPhrase: $java_gpg_passphrase
            codeSamples:
                registry:
                    location: registry.speakeasyapi.dev/codat/codat/banking-source-code-samples
                blocking: false
        lending-library:
            target: java
            source: lending-source
            output: lending
            publish:
                java:
                    ossrhUsername: $ossrh_username
                    ossrhPassword: $ossrh_password
                    gpgSecretKey: $java_gpg_secret_key
                    gpgPassPhrase: $java_gpg_passphrase
            codeSamples:
                registry:
                    location: registry.speakeasyapi.dev/codat/codat/lending-source-code-samples
                blocking: false
        platform-library:
            target: java
            source: platform-source
            output: platform
            publish:
                java:
                    ossrhUsername: $ossrh_username
                    ossrhPassword: $ossrh_password
                    gpgSecretKey: $java_gpg_secret_key
                    gpgPassPhrase: $java_gpg_passphrase
            codeSamples:
                registry:
                    location: registry.speakeasyapi.dev/codat/codat/platform-source-code-samples
                blocking: false
        sync-for-commerce-library:
            target: java
            source: sync-for-commerce-source
            output: sync-for-commerce
            publish:
                java:
                    ossrhUsername: $ossrh_username
                    ossrhPassword: $ossrh_password
                    gpgSecretKey: $java_gpg_secret_key
                    gpgPassPhrase: $java_gpg_passphrase
            codeSamples:
                registry:
                    location: registry.speakeasyapi.dev/codat/codat/sync-for-commerce-source-code-samples
                blocking: false
        sync-for-expenses-library:
            target: java
            source: sync-for-expenses-source
            output: sync-for-expenses
            publish:
                java:
                    ossrhUsername: $ossrh_username
                    ossrhPassword: $ossrh_password
                    gpgSecretKey: $java_gpg_secret_key
                    gpgPassPhrase: $java_gpg_passphrase
            codeSamples:
                registry:
                    location: registry.speakeasyapi.dev/codat/codat/sync-for-expenses-source-code-samples
                blocking: false
        sync-for-payables-library:
            target: java
            source: sync-for-payables-source
            output: sync-for-payables
            publish:
                java:
                    ossrhUsername: $ossrh_username
                    ossrhPassword: $ossrh_password
                    gpgSecretKey: $java_gpg_secret_key
                    gpgPassPhrase: $java_gpg_passphrase
            codeSamples:
                registry:
                    location: registry.speakeasyapi.dev/codat/codat/sync-for-payables-source-code-samples
                blocking: false
        sync-for-payroll-library:
            target: java
            source: sync-for-payroll-source
            output: sync-for-payroll
            publish:
                java:
                    ossrhUsername: $ossrh_username
                    ossrhPassword: $ossrh_password
                    gpgSecretKey: $java_gpg_secret_key
                    gpgPassPhrase: $java_gpg_passphrase
            codeSamples:
                registry:
                    location: registry.speakeasyapi.dev/codat/codat/sync-for-payroll-source-code-samples
                blocking: false
