lockVersion: 2.0.0
id: bc2f288b-d83b-4407-8ee3-86580a495b02
management:
  docChecksum: fdc7285c8f3a9d1b51e0ac7f1c98ee14
  docVersion: prealpha
  speakeasyVersion: internal
  generationVersion: 2.248.6
  releaseVersion: 0.1.0
  configChecksum: 73c9c7863972296a609999e74f127057
  repoURL: https://github.com/codatio/client-sdk-java.git
  repoSubDirectory: sync-for-expenses
  published: true
features:
  java:
    constsAndDefaults: 0.1.0
    core: 3.9.1
    deprecations: 2.81.1
    examples: 2.81.3
    globalSecurity: 2.82.2
    globalServerURLs: 2.82.1
    inputOutputModels: 2.83.0
    nameOverrides: 2.81.1
generatedFiles:
  - lib/src/main/java/io/codat/sync_for_expenses/SecuritySource.java
  - lib/src/main/java/io/codat/sync_for_expenses/SDKConfiguration.java
  - lib/src/main/java/io/codat/sync_for_expenses/Companies.java
  - lib/src/main/java/io/codat/sync_for_expenses/Connections.java
  - lib/src/main/java/io/codat/sync_for_expenses/Accounts.java
  - lib/src/main/java/io/codat/sync_for_expenses/Customers.java
  - lib/src/main/java/io/codat/sync_for_expenses/Suppliers.java
  - lib/src/main/java/io/codat/sync_for_expenses/ManageData.java
  - lib/src/main/java/io/codat/sync_for_expenses/PushOperations.java
  - lib/src/main/java/io/codat/sync_for_expenses/Configuration.java
  - lib/src/main/java/io/codat/sync_for_expenses/Expenses.java
  - lib/src/main/java/io/codat/sync_for_expenses/Sync.java
  - lib/src/main/java/io/codat/sync_for_expenses/TransactionStatus.java
  - lib/src/main/java/io/codat/sync_for_expenses/models/operations/CreateCompanyRequestBuilder.java
  - lib/src/main/java/io/codat/sync_for_expenses/models/operations/DeleteCompanyRequestBuilder.java
  - lib/src/main/java/io/codat/sync_for_expenses/models/operations/GetCompanyRequestBuilder.java
  - lib/src/main/java/io/codat/sync_for_expenses/models/operations/ListCompaniesRequestBuilder.java
  - lib/src/main/java/io/codat/sync_for_expenses/models/operations/UpdateCompanyRequestBuilder.java
  - lib/src/main/java/io/codat/sync_for_expenses/models/operations/CreateConnectionRequestBuilder.java
  - lib/src/main/java/io/codat/sync_for_expenses/models/operations/CreatePartnerExpenseConnectionRequestBuilder.java
  - lib/src/main/java/io/codat/sync_for_expenses/models/operations/DeleteConnectionRequestBuilder.java
  - lib/src/main/java/io/codat/sync_for_expenses/models/operations/GetConnectionRequestBuilder.java
  - lib/src/main/java/io/codat/sync_for_expenses/models/operations/ListConnectionsRequestBuilder.java
  - lib/src/main/java/io/codat/sync_for_expenses/models/operations/UnlinkConnectionRequestBuilder.java
  - lib/src/main/java/io/codat/sync_for_expenses/models/operations/CreateAccountRequestBuilder.java
  - lib/src/main/java/io/codat/sync_for_expenses/models/operations/GetCreateChartOfAccountsModelRequestBuilder.java
  - lib/src/main/java/io/codat/sync_for_expenses/models/operations/CreateCustomerRequestBuilder.java
  - lib/src/main/java/io/codat/sync_for_expenses/models/operations/GetCustomerRequestBuilder.java
  - lib/src/main/java/io/codat/sync_for_expenses/models/operations/ListCustomersRequestBuilder.java
  - lib/src/main/java/io/codat/sync_for_expenses/models/operations/UpdateCustomerRequestBuilder.java
  - lib/src/main/java/io/codat/sync_for_expenses/models/operations/CreateSupplierRequestBuilder.java
  - lib/src/main/java/io/codat/sync_for_expenses/models/operations/GetSupplierRequestBuilder.java
  - lib/src/main/java/io/codat/sync_for_expenses/models/operations/ListSuppliersRequestBuilder.java
  - lib/src/main/java/io/codat/sync_for_expenses/models/operations/UpdateSupplierRequestBuilder.java
  - lib/src/main/java/io/codat/sync_for_expenses/models/operations/GetDataStatusRequestBuilder.java
  - lib/src/main/java/io/codat/sync_for_expenses/models/operations/GetPullOperationRequestBuilder.java
  - lib/src/main/java/io/codat/sync_for_expenses/models/operations/ListPullOperationsRequestBuilder.java
  - lib/src/main/java/io/codat/sync_for_expenses/models/operations/RefreshAllDataTypesRequestBuilder.java
  - lib/src/main/java/io/codat/sync_for_expenses/models/operations/RefreshDataTypeRequestBuilder.java
  - lib/src/main/java/io/codat/sync_for_expenses/models/operations/GetPushOperationRequestBuilder.java
  - lib/src/main/java/io/codat/sync_for_expenses/models/operations/ListPushOperationsRequestBuilder.java
  - lib/src/main/java/io/codat/sync_for_expenses/models/operations/GetCompanyConfigurationRequestBuilder.java
  - lib/src/main/java/io/codat/sync_for_expenses/models/operations/GetMappingOptionsRequestBuilder.java
  - lib/src/main/java/io/codat/sync_for_expenses/models/operations/SetCompanyConfigurationRequestBuilder.java
  - lib/src/main/java/io/codat/sync_for_expenses/models/operations/CreateExpenseTransactionRequestBuilder.java
  - lib/src/main/java/io/codat/sync_for_expenses/models/operations/UpdateExpenseTransactionRequestBuilder.java
  - lib/src/main/java/io/codat/sync_for_expenses/models/operations/UploadExpenseAttachmentRequestBuilder.java
  - lib/src/main/java/io/codat/sync_for_expenses/models/operations/GetSyncByIdRequestBuilder.java
  - lib/src/main/java/io/codat/sync_for_expenses/models/operations/GetLastSuccessfulSyncRequestBuilder.java
  - lib/src/main/java/io/codat/sync_for_expenses/models/operations/GetLatestSyncRequestBuilder.java
  - lib/src/main/java/io/codat/sync_for_expenses/models/operations/InitiateSyncRequestBuilder.java
  - lib/src/main/java/io/codat/sync_for_expenses/models/operations/ListSyncsRequestBuilder.java
  - lib/src/main/java/io/codat/sync_for_expenses/models/operations/GetSyncTransactionRequestBuilder.java
  - lib/src/main/java/io/codat/sync_for_expenses/models/operations/ListSyncTransactionsRequestBuilder.java
  - lib/src/main/java/io/codat/sync_for_expenses/models/operations/SDKMethodInterfaces.java
  - lib/src/main/java/io/codat/sync_for_expenses/CodatSyncExpenses.java
  - .gitattributes
  - gradle/wrapper/gradle-wrapper.jar
  - gradle/wrapper/gradle-wrapper.properties
  - gradlew
  - gradlew.bat
  - lib/build.gradle
  - lib/src/main/java/io/codat/sync_for_expenses/utils/FormMetadata.java
  - lib/src/main/java/io/codat/sync_for_expenses/utils/HTTPClient.java
  - lib/src/main/java/io/codat/sync_for_expenses/utils/HTTPRequest.java
  - lib/src/main/java/io/codat/sync_for_expenses/utils/HeaderMetadata.java
  - lib/src/main/java/io/codat/sync_for_expenses/utils/JSON.java
  - lib/src/main/java/io/codat/sync_for_expenses/utils/LazySingletonValue.java
  - lib/src/main/java/io/codat/sync_for_expenses/utils/Metadata.java
  - lib/src/main/java/io/codat/sync_for_expenses/utils/MultipartFormMetadata.java
  - lib/src/main/java/io/codat/sync_for_expenses/utils/OneOfDeserializer.java
  - lib/src/main/java/io/codat/sync_for_expenses/utils/PathParamsMetadata.java
  - lib/src/main/java/io/codat/sync_for_expenses/utils/QueryParameters.java
  - lib/src/main/java/io/codat/sync_for_expenses/utils/QueryParamsMetadata.java
  - lib/src/main/java/io/codat/sync_for_expenses/utils/RequestBody.java
  - lib/src/main/java/io/codat/sync_for_expenses/utils/RequestMetadata.java
  - lib/src/main/java/io/codat/sync_for_expenses/utils/Security.java
  - lib/src/main/java/io/codat/sync_for_expenses/utils/SecurityMetadata.java
  - lib/src/main/java/io/codat/sync_for_expenses/utils/SerializedBody.java
  - lib/src/main/java/io/codat/sync_for_expenses/utils/SpeakeasyHTTPClient.java
  - lib/src/main/java/io/codat/sync_for_expenses/utils/SpeakeasyHTTPSecurityClient.java
  - lib/src/main/java/io/codat/sync_for_expenses/utils/SpeakeasyMetadata.java
  - lib/src/main/java/io/codat/sync_for_expenses/utils/Types.java
  - lib/src/main/java/io/codat/sync_for_expenses/utils/Utils.java
  - lib/src/main/java/io/codat/sync_for_expenses/models/errors/SDKError.java
  - settings.gradle
  - lib/src/main/java/io/codat/sync_for_expenses/models/operations/CreateCompanyResponse.java
  - lib/src/main/java/io/codat/sync_for_expenses/models/operations/DeleteCompanyRequest.java
  - lib/src/main/java/io/codat/sync_for_expenses/models/operations/DeleteCompanyResponse.java
  - lib/src/main/java/io/codat/sync_for_expenses/models/operations/GetCompanyRequest.java
  - lib/src/main/java/io/codat/sync_for_expenses/models/operations/GetCompanyResponse.java
  - lib/src/main/java/io/codat/sync_for_expenses/models/operations/ListCompaniesRequest.java
  - lib/src/main/java/io/codat/sync_for_expenses/models/operations/ListCompaniesResponse.java
  - lib/src/main/java/io/codat/sync_for_expenses/models/operations/UpdateCompanyRequest.java
  - lib/src/main/java/io/codat/sync_for_expenses/models/operations/UpdateCompanyResponse.java
  - lib/src/main/java/io/codat/sync_for_expenses/models/operations/CreateConnectionRequestBody.java
  - lib/src/main/java/io/codat/sync_for_expenses/models/operations/CreateConnectionRequest.java
  - lib/src/main/java/io/codat/sync_for_expenses/models/operations/CreateConnectionResponse.java
  - lib/src/main/java/io/codat/sync_for_expenses/models/operations/CreatePartnerExpenseConnectionRequest.java
  - lib/src/main/java/io/codat/sync_for_expenses/models/operations/CreatePartnerExpenseConnectionResponse.java
  - lib/src/main/java/io/codat/sync_for_expenses/models/operations/DeleteConnectionRequest.java
  - lib/src/main/java/io/codat/sync_for_expenses/models/operations/DeleteConnectionResponse.java
  - lib/src/main/java/io/codat/sync_for_expenses/models/operations/GetConnectionRequest.java
  - lib/src/main/java/io/codat/sync_for_expenses/models/operations/GetConnectionResponse.java
  - lib/src/main/java/io/codat/sync_for_expenses/models/operations/ListConnectionsRequest.java
  - lib/src/main/java/io/codat/sync_for_expenses/models/operations/ListConnectionsResponse.java
  - lib/src/main/java/io/codat/sync_for_expenses/models/operations/UnlinkConnectionUpdateConnection.java
  - lib/src/main/java/io/codat/sync_for_expenses/models/operations/UnlinkConnectionRequest.java
  - lib/src/main/java/io/codat/sync_for_expenses/models/operations/UnlinkConnectionResponse.java
  - lib/src/main/java/io/codat/sync_for_expenses/models/operations/CreateAccountRequest.java
  - lib/src/main/java/io/codat/sync_for_expenses/models/operations/CreateAccountResponse.java
  - lib/src/main/java/io/codat/sync_for_expenses/models/operations/GetCreateChartOfAccountsModelRequest.java
  - lib/src/main/java/io/codat/sync_for_expenses/models/operations/GetCreateChartOfAccountsModelResponse.java
  - lib/src/main/java/io/codat/sync_for_expenses/models/operations/CreateCustomerRequest.java
  - lib/src/main/java/io/codat/sync_for_expenses/models/operations/CreateCustomerResponse.java
  - lib/src/main/java/io/codat/sync_for_expenses/models/operations/GetCustomerRequest.java
  - lib/src/main/java/io/codat/sync_for_expenses/models/operations/GetCustomerResponse.java
  - lib/src/main/java/io/codat/sync_for_expenses/models/operations/ListCustomersRequest.java
  - lib/src/main/java/io/codat/sync_for_expenses/models/operations/ListCustomersResponse.java
  - lib/src/main/java/io/codat/sync_for_expenses/models/operations/UpdateCustomerRequest.java
  - lib/src/main/java/io/codat/sync_for_expenses/models/operations/UpdateCustomerResponse.java
  - lib/src/main/java/io/codat/sync_for_expenses/models/operations/CreateSupplierRequest.java
  - lib/src/main/java/io/codat/sync_for_expenses/models/operations/CreateSupplierResponse.java
  - lib/src/main/java/io/codat/sync_for_expenses/models/operations/GetSupplierRequest.java
  - lib/src/main/java/io/codat/sync_for_expenses/models/operations/GetSupplierResponse.java
  - lib/src/main/java/io/codat/sync_for_expenses/models/operations/ListSuppliersRequest.java
  - lib/src/main/java/io/codat/sync_for_expenses/models/operations/ListSuppliersResponse.java
  - lib/src/main/java/io/codat/sync_for_expenses/models/operations/UpdateSupplierRequest.java
  - lib/src/main/java/io/codat/sync_for_expenses/models/operations/UpdateSupplierResponse.java
  - lib/src/main/java/io/codat/sync_for_expenses/models/operations/GetDataStatusRequest.java
  - lib/src/main/java/io/codat/sync_for_expenses/models/operations/GetDataStatusResponse.java
  - lib/src/main/java/io/codat/sync_for_expenses/models/operations/GetPullOperationRequest.java
  - lib/src/main/java/io/codat/sync_for_expenses/models/operations/GetPullOperationResponse.java
  - lib/src/main/java/io/codat/sync_for_expenses/models/operations/ListPullOperationsRequest.java
  - lib/src/main/java/io/codat/sync_for_expenses/models/operations/ListPullOperationsResponse.java
  - lib/src/main/java/io/codat/sync_for_expenses/models/operations/RefreshAllDataTypesRequest.java
  - lib/src/main/java/io/codat/sync_for_expenses/models/operations/RefreshAllDataTypesResponse.java
  - lib/src/main/java/io/codat/sync_for_expenses/models/operations/RefreshDataTypeRequest.java
  - lib/src/main/java/io/codat/sync_for_expenses/models/operations/RefreshDataTypeResponse.java
  - lib/src/main/java/io/codat/sync_for_expenses/models/operations/GetPushOperationRequest.java
  - lib/src/main/java/io/codat/sync_for_expenses/models/operations/GetPushOperationResponse.java
  - lib/src/main/java/io/codat/sync_for_expenses/models/operations/ListPushOperationsRequest.java
  - lib/src/main/java/io/codat/sync_for_expenses/models/operations/ListPushOperationsResponse.java
  - lib/src/main/java/io/codat/sync_for_expenses/models/operations/GetCompanyConfigurationRequest.java
  - lib/src/main/java/io/codat/sync_for_expenses/models/operations/GetCompanyConfigurationResponse.java
  - lib/src/main/java/io/codat/sync_for_expenses/models/operations/GetMappingOptionsRequest.java
  - lib/src/main/java/io/codat/sync_for_expenses/models/operations/GetMappingOptionsResponse.java
  - lib/src/main/java/io/codat/sync_for_expenses/models/operations/SetCompanyConfigurationRequest.java
  - lib/src/main/java/io/codat/sync_for_expenses/models/operations/SetCompanyConfigurationResponse.java
  - lib/src/main/java/io/codat/sync_for_expenses/models/operations/CreateExpenseTransactionRequest.java
  - lib/src/main/java/io/codat/sync_for_expenses/models/operations/CreateExpenseTransactionResponse.java
  - lib/src/main/java/io/codat/sync_for_expenses/models/operations/UpdateExpenseTransactionRequest.java
  - lib/src/main/java/io/codat/sync_for_expenses/models/operations/UpdateExpenseTransactionResponse.java
  - lib/src/main/java/io/codat/sync_for_expenses/models/operations/UploadExpenseAttachmentRequest.java
  - lib/src/main/java/io/codat/sync_for_expenses/models/operations/UploadExpenseAttachmentResponse.java
  - lib/src/main/java/io/codat/sync_for_expenses/models/operations/GetSyncByIdRequest.java
  - lib/src/main/java/io/codat/sync_for_expenses/models/operations/GetSyncByIdResponse.java
  - lib/src/main/java/io/codat/sync_for_expenses/models/operations/GetLastSuccessfulSyncRequest.java
  - lib/src/main/java/io/codat/sync_for_expenses/models/operations/GetLastSuccessfulSyncResponse.java
  - lib/src/main/java/io/codat/sync_for_expenses/models/operations/GetLatestSyncRequest.java
  - lib/src/main/java/io/codat/sync_for_expenses/models/operations/GetLatestSyncResponse.java
  - lib/src/main/java/io/codat/sync_for_expenses/models/operations/InitiateSyncRequest.java
  - lib/src/main/java/io/codat/sync_for_expenses/models/operations/InitiateSyncResponse.java
  - lib/src/main/java/io/codat/sync_for_expenses/models/operations/ListSyncsRequest.java
  - lib/src/main/java/io/codat/sync_for_expenses/models/operations/ListSyncsResponse.java
  - lib/src/main/java/io/codat/sync_for_expenses/models/operations/GetSyncTransactionRequest.java
  - lib/src/main/java/io/codat/sync_for_expenses/models/operations/GetSyncTransactionResponse.java
  - lib/src/main/java/io/codat/sync_for_expenses/models/operations/ListSyncTransactionsRequest.java
  - lib/src/main/java/io/codat/sync_for_expenses/models/operations/ListSyncTransactionsResponse.java
  - lib/src/main/java/io/codat/sync_for_expenses/models/shared/ErrorMessage.java
  - lib/src/main/java/io/codat/sync_for_expenses/models/shared/GroupReference.java
  - lib/src/main/java/io/codat/sync_for_expenses/models/shared/Company.java
  - lib/src/main/java/io/codat/sync_for_expenses/models/shared/SourceType.java
  - lib/src/main/java/io/codat/sync_for_expenses/models/shared/Connection.java
  - lib/src/main/java/io/codat/sync_for_expenses/models/shared/DataConnectionStatus.java
  - lib/src/main/java/io/codat/sync_for_expenses/models/shared/DataConnectionError.java
  - lib/src/main/java/io/codat/sync_for_expenses/models/shared/CompanyRequestBody.java
  - lib/src/main/java/io/codat/sync_for_expenses/models/shared/GroupItems.java
  - lib/src/main/java/io/codat/sync_for_expenses/models/shared/Companies.java
  - lib/src/main/java/io/codat/sync_for_expenses/models/shared/Links.java
  - lib/src/main/java/io/codat/sync_for_expenses/models/shared/HalRef.java
  - lib/src/main/java/io/codat/sync_for_expenses/models/shared/Connections.java
  - lib/src/main/java/io/codat/sync_for_expenses/models/shared/CreateAccountResponseMetadata.java
  - lib/src/main/java/io/codat/sync_for_expenses/models/shared/CreateAccountResponseValidDataTypeLinks.java
  - lib/src/main/java/io/codat/sync_for_expenses/models/shared/AccountingAccount.java
  - lib/src/main/java/io/codat/sync_for_expenses/models/shared/CreateAccountResponse.java
  - lib/src/main/java/io/codat/sync_for_expenses/models/shared/Validation.java
  - lib/src/main/java/io/codat/sync_for_expenses/models/shared/ValidationItem.java
  - lib/src/main/java/io/codat/sync_for_expenses/models/shared/PushOperationStatus.java
  - lib/src/main/java/io/codat/sync_for_expenses/models/shared/DataType.java
  - lib/src/main/java/io/codat/sync_for_expenses/models/shared/AccountType.java
  - lib/src/main/java/io/codat/sync_for_expenses/models/shared/SupplementalData.java
  - lib/src/main/java/io/codat/sync_for_expenses/models/shared/AccountStatus.java
  - lib/src/main/java/io/codat/sync_for_expenses/models/shared/PushOperationChange.java
  - lib/src/main/java/io/codat/sync_for_expenses/models/shared/PushChangeType.java
  - lib/src/main/java/io/codat/sync_for_expenses/models/shared/PushOperationRef.java
  - lib/src/main/java/io/codat/sync_for_expenses/models/shared/ValidDataTypeLinks.java
  - lib/src/main/java/io/codat/sync_for_expenses/models/shared/AccountPrototype.java
  - lib/src/main/java/io/codat/sync_for_expenses/models/shared/PushOption.java
  - lib/src/main/java/io/codat/sync_for_expenses/models/shared/PushValidationInfo.java
  - lib/src/main/java/io/codat/sync_for_expenses/models/shared/PushFieldValidation.java
  - lib/src/main/java/io/codat/sync_for_expenses/models/shared/PushOptionType.java
  - lib/src/main/java/io/codat/sync_for_expenses/models/shared/PushOptionProperty.java
  - lib/src/main/java/io/codat/sync_for_expenses/models/shared/PushOptionChoice.java
  - lib/src/main/java/io/codat/sync_for_expenses/models/shared/CreateCustomerResponseAccountingAddress.java
  - lib/src/main/java/io/codat/sync_for_expenses/models/shared/AccountingCustomer.java
  - lib/src/main/java/io/codat/sync_for_expenses/models/shared/CreateCustomerResponse.java
  - lib/src/main/java/io/codat/sync_for_expenses/models/shared/CustomerStatus.java
  - lib/src/main/java/io/codat/sync_for_expenses/models/shared/Metadata.java
  - lib/src/main/java/io/codat/sync_for_expenses/models/shared/Phone.java
  - lib/src/main/java/io/codat/sync_for_expenses/models/shared/Contact.java
  - lib/src/main/java/io/codat/sync_for_expenses/models/shared/PhoneNumberType.java
  - lib/src/main/java/io/codat/sync_for_expenses/models/shared/Items.java
  - lib/src/main/java/io/codat/sync_for_expenses/models/shared/AccountingAddressType.java
  - lib/src/main/java/io/codat/sync_for_expenses/models/shared/AccountingAddress.java
  - lib/src/main/java/io/codat/sync_for_expenses/models/shared/Customer.java
  - lib/src/main/java/io/codat/sync_for_expenses/models/shared/Customers.java
  - lib/src/main/java/io/codat/sync_for_expenses/models/shared/UpdateCustomerResponseAccountingAddress.java
  - lib/src/main/java/io/codat/sync_for_expenses/models/shared/UpdateCustomerResponseAccountingCustomer.java
  - lib/src/main/java/io/codat/sync_for_expenses/models/shared/UpdateCustomerResponse.java
  - lib/src/main/java/io/codat/sync_for_expenses/models/shared/AccountingSupplier.java
  - lib/src/main/java/io/codat/sync_for_expenses/models/shared/CreateSupplierResponse.java
  - lib/src/main/java/io/codat/sync_for_expenses/models/shared/SupplierStatus.java
  - lib/src/main/java/io/codat/sync_for_expenses/models/shared/Supplier.java
  - lib/src/main/java/io/codat/sync_for_expenses/models/shared/Suppliers.java
  - lib/src/main/java/io/codat/sync_for_expenses/models/shared/UpdateSupplierResponseAccountingSupplier.java
  - lib/src/main/java/io/codat/sync_for_expenses/models/shared/UpdateSupplierResponse.java
  - lib/src/main/java/io/codat/sync_for_expenses/models/shared/DataTypes.java
  - lib/src/main/java/io/codat/sync_for_expenses/models/shared/DataStatus.java
  - lib/src/main/java/io/codat/sync_for_expenses/models/shared/Status.java
  - lib/src/main/java/io/codat/sync_for_expenses/models/shared/PullOperation.java
  - lib/src/main/java/io/codat/sync_for_expenses/models/shared/PullOperations.java
  - lib/src/main/java/io/codat/sync_for_expenses/models/shared/SchemaDataType.java
  - lib/src/main/java/io/codat/sync_for_expenses/models/shared/PushOperation.java
  - lib/src/main/java/io/codat/sync_for_expenses/models/shared/PushOperations.java
  - lib/src/main/java/io/codat/sync_for_expenses/models/shared/CompanyConfiguration.java
  - lib/src/main/java/io/codat/sync_for_expenses/models/shared/SupplierDetails.java
  - lib/src/main/java/io/codat/sync_for_expenses/models/shared/CustomerDetails.java
  - lib/src/main/java/io/codat/sync_for_expenses/models/shared/BankAccount.java
  - lib/src/main/java/io/codat/sync_for_expenses/models/shared/MappingOptions.java
  - lib/src/main/java/io/codat/sync_for_expenses/models/shared/TrackingCategoryMappingInfo.java
  - lib/src/main/java/io/codat/sync_for_expenses/models/shared/TaxRateMappingInfoValidTransactionTypes.java
  - lib/src/main/java/io/codat/sync_for_expenses/models/shared/TaxRateMappingInfo.java
  - lib/src/main/java/io/codat/sync_for_expenses/models/shared/AccountMappingInfoAccountType.java
  - lib/src/main/java/io/codat/sync_for_expenses/models/shared/ValidTransactionTypes.java
  - lib/src/main/java/io/codat/sync_for_expenses/models/shared/AccountMappingInfo.java
  - lib/src/main/java/io/codat/sync_for_expenses/models/shared/CreateExpenseResponse.java
  - lib/src/main/java/io/codat/sync_for_expenses/models/shared/CreateExpenseRequest.java
  - lib/src/main/java/io/codat/sync_for_expenses/models/shared/BankAccountReference.java
  - lib/src/main/java/io/codat/sync_for_expenses/models/shared/ExpenseTransactionType.java
  - lib/src/main/java/io/codat/sync_for_expenses/models/shared/ExpenseTransaction.java
  - lib/src/main/java/io/codat/sync_for_expenses/models/shared/ExpenseTransactionLine.java
  - lib/src/main/java/io/codat/sync_for_expenses/models/shared/TrackingRefDataType.java
  - lib/src/main/java/io/codat/sync_for_expenses/models/shared/TrackingRef.java
  - lib/src/main/java/io/codat/sync_for_expenses/models/shared/RecordRef.java
  - lib/src/main/java/io/codat/sync_for_expenses/models/shared/InvoiceToDataType.java
  - lib/src/main/java/io/codat/sync_for_expenses/models/shared/InvoiceTo.java
  - lib/src/main/java/io/codat/sync_for_expenses/models/shared/Type.java
  - lib/src/main/java/io/codat/sync_for_expenses/models/shared/ContactRef.java
  - lib/src/main/java/io/codat/sync_for_expenses/models/shared/UpdateExpenseResponse.java
  - lib/src/main/java/io/codat/sync_for_expenses/models/shared/UpdateExpenseRequestBankAccountReference.java
  - lib/src/main/java/io/codat/sync_for_expenses/models/shared/UpdateExpenseRequest.java
  - lib/src/main/java/io/codat/sync_for_expenses/models/shared/Attachment.java
  - lib/src/main/java/io/codat/sync_for_expenses/models/shared/AttachmentUpload.java
  - lib/src/main/java/io/codat/sync_for_expenses/models/shared/CodatFile.java
  - lib/src/main/java/io/codat/sync_for_expenses/models/shared/CompanySyncStatus.java
  - lib/src/main/java/io/codat/sync_for_expenses/models/shared/SyncInitiated.java
  - lib/src/main/java/io/codat/sync_for_expenses/models/shared/InitiateSync.java
  - lib/src/main/java/io/codat/sync_for_expenses/models/shared/Transaction.java
  - lib/src/main/java/io/codat/sync_for_expenses/models/shared/TransactionStatus.java
  - lib/src/main/java/io/codat/sync_for_expenses/models/shared/IntegrationType.java
  - lib/src/main/java/io/codat/sync_for_expenses/models/shared/Transactions.java
  - lib/src/main/java/io/codat/sync_for_expenses/models/shared/Security.java
  - lib/src/main/java/io/codat/sync_for_expenses/models/shared/ClientRateLimitReachedWebhook.java
  - lib/src/main/java/io/codat/sync_for_expenses/models/shared/ClientRateLimitReachedWebhookData.java
  - lib/src/main/java/io/codat/sync_for_expenses/models/shared/ClientRateLimitResetWebhook.java
  - lib/src/main/java/io/codat/sync_for_expenses/models/shared/ClientRateLimitResetWebhookData.java
  - lib/src/main/java/io/codat/sync_for_expenses/models/shared/SyncCompleteWebhook.java
  - lib/src/main/java/io/codat/sync_for_expenses/models/shared/SyncCompleteWebhookData.java
  - lib/src/main/java/io/codat/sync_for_expenses/models/shared/SyncFailedWebhook.java
  - lib/src/main/java/io/codat/sync_for_expenses/models/shared/SyncFailedWebhookData.java
  - lib/src/main/java/io/codat/sync_for_expenses/models/shared/Data.java
  - lib/src/main/java/io/codat/sync_for_expenses/models/shared/SyncStartedWebhook.java
  - lib/src/main/java/io/codat/sync_for_expenses/models/webhooks/ClientRateLimitReachedResponse.java
  - lib/src/main/java/io/codat/sync_for_expenses/models/webhooks/ClientRateLimitResetResponse.java
  - lib/src/main/java/io/codat/sync_for_expenses/models/webhooks/SyncCompleteResponse.java
  - lib/src/main/java/io/codat/sync_for_expenses/models/webhooks/SyncFailedResponse.java
  - lib/src/main/java/io/codat/sync_for_expenses/models/webhooks/SyncStartedResponse.java
  - docs/models/operations/CreateCompanyResponse.md
  - docs/models/operations/DeleteCompanyRequest.md
  - docs/models/operations/DeleteCompanyResponse.md
  - docs/models/operations/GetCompanyRequest.md
  - docs/models/operations/GetCompanyResponse.md
  - docs/models/operations/ListCompaniesRequest.md
  - docs/models/operations/ListCompaniesResponse.md
  - docs/models/operations/UpdateCompanyRequest.md
  - docs/models/operations/UpdateCompanyResponse.md
  - docs/models/operations/CreateConnectionRequestBody.md
  - docs/models/operations/CreateConnectionRequest.md
  - docs/models/operations/CreateConnectionResponse.md
  - docs/models/operations/CreatePartnerExpenseConnectionRequest.md
  - docs/models/operations/CreatePartnerExpenseConnectionResponse.md
  - docs/models/operations/DeleteConnectionRequest.md
  - docs/models/operations/DeleteConnectionResponse.md
  - docs/models/operations/GetConnectionRequest.md
  - docs/models/operations/GetConnectionResponse.md
  - docs/models/operations/ListConnectionsRequest.md
  - docs/models/operations/ListConnectionsResponse.md
  - docs/models/operations/UnlinkConnectionUpdateConnection.md
  - docs/models/operations/UnlinkConnectionRequest.md
  - docs/models/operations/UnlinkConnectionResponse.md
  - docs/models/operations/CreateAccountRequest.md
  - docs/models/operations/CreateAccountResponse.md
  - docs/models/operations/GetCreateChartOfAccountsModelRequest.md
  - docs/models/operations/GetCreateChartOfAccountsModelResponse.md
  - docs/models/operations/CreateCustomerRequest.md
  - docs/models/operations/CreateCustomerResponse.md
  - docs/models/operations/GetCustomerRequest.md
  - docs/models/operations/GetCustomerResponse.md
  - docs/models/operations/ListCustomersRequest.md
  - docs/models/operations/ListCustomersResponse.md
  - docs/models/operations/UpdateCustomerRequest.md
  - docs/models/operations/UpdateCustomerResponse.md
  - docs/models/operations/CreateSupplierRequest.md
  - docs/models/operations/CreateSupplierResponse.md
  - docs/models/operations/GetSupplierRequest.md
  - docs/models/operations/GetSupplierResponse.md
  - docs/models/operations/ListSuppliersRequest.md
  - docs/models/operations/ListSuppliersResponse.md
  - docs/models/operations/UpdateSupplierRequest.md
  - docs/models/operations/UpdateSupplierResponse.md
  - docs/models/operations/GetDataStatusRequest.md
  - docs/models/operations/GetDataStatusResponse.md
  - docs/models/operations/GetPullOperationRequest.md
  - docs/models/operations/GetPullOperationResponse.md
  - docs/models/operations/ListPullOperationsRequest.md
  - docs/models/operations/ListPullOperationsResponse.md
  - docs/models/operations/RefreshAllDataTypesRequest.md
  - docs/models/operations/RefreshAllDataTypesResponse.md
  - docs/models/operations/RefreshDataTypeRequest.md
  - docs/models/operations/RefreshDataTypeResponse.md
  - docs/models/operations/GetPushOperationRequest.md
  - docs/models/operations/GetPushOperationResponse.md
  - docs/models/operations/ListPushOperationsRequest.md
  - docs/models/operations/ListPushOperationsResponse.md
  - docs/models/operations/GetCompanyConfigurationRequest.md
  - docs/models/operations/GetCompanyConfigurationResponse.md
  - docs/models/operations/GetMappingOptionsRequest.md
  - docs/models/operations/GetMappingOptionsResponse.md
  - docs/models/operations/SetCompanyConfigurationRequest.md
  - docs/models/operations/SetCompanyConfigurationResponse.md
  - docs/models/operations/CreateExpenseTransactionRequest.md
  - docs/models/operations/CreateExpenseTransactionResponse.md
  - docs/models/operations/UpdateExpenseTransactionRequest.md
  - docs/models/operations/UpdateExpenseTransactionResponse.md
  - docs/models/operations/UploadExpenseAttachmentRequest.md
  - docs/models/operations/UploadExpenseAttachmentResponse.md
  - docs/models/operations/GetSyncByIdRequest.md
  - docs/models/operations/GetSyncByIdResponse.md
  - docs/models/operations/GetLastSuccessfulSyncRequest.md
  - docs/models/operations/GetLastSuccessfulSyncResponse.md
  - docs/models/operations/GetLatestSyncRequest.md
  - docs/models/operations/GetLatestSyncResponse.md
  - docs/models/operations/InitiateSyncRequest.md
  - docs/models/operations/InitiateSyncResponse.md
  - docs/models/operations/ListSyncsRequest.md
  - docs/models/operations/ListSyncsResponse.md
  - docs/models/operations/GetSyncTransactionRequest.md
  - docs/models/operations/GetSyncTransactionResponse.md
  - docs/models/operations/ListSyncTransactionsRequest.md
  - docs/models/operations/ListSyncTransactionsResponse.md
  - docs/models/shared/ErrorMessage.md
  - docs/models/shared/GroupReference.md
  - docs/models/shared/Company.md
  - docs/models/shared/SourceType.md
  - docs/models/shared/Connection.md
  - docs/models/shared/DataConnectionStatus.md
  - docs/models/shared/DataConnectionError.md
  - docs/models/shared/CompanyRequestBody.md
  - docs/models/shared/GroupItems.md
  - docs/models/shared/Companies.md
  - docs/models/shared/Links.md
  - docs/models/shared/HalRef.md
  - docs/models/shared/Connections.md
  - docs/models/shared/CreateAccountResponseMetadata.md
  - docs/models/shared/CreateAccountResponseValidDataTypeLinks.md
  - docs/models/shared/AccountingAccount.md
  - docs/models/shared/CreateAccountResponse.md
  - docs/models/shared/Validation.md
  - docs/models/shared/ValidationItem.md
  - docs/models/shared/PushOperationStatus.md
  - docs/models/shared/DataType.md
  - docs/models/shared/AccountType.md
  - docs/models/shared/SupplementalData.md
  - docs/models/shared/AccountStatus.md
  - docs/models/shared/PushOperationChange.md
  - docs/models/shared/PushChangeType.md
  - docs/models/shared/PushOperationRef.md
  - docs/models/shared/ValidDataTypeLinks.md
  - docs/models/shared/AccountPrototype.md
  - docs/models/shared/PushOption.md
  - docs/models/shared/PushValidationInfo.md
  - docs/models/shared/PushFieldValidation.md
  - docs/models/shared/PushOptionType.md
  - docs/models/shared/PushOptionProperty.md
  - docs/models/shared/PushOptionChoice.md
  - docs/models/shared/CreateCustomerResponseAccountingAddress.md
  - docs/models/shared/AccountingCustomer.md
  - docs/models/shared/CreateCustomerResponse.md
  - docs/models/shared/CustomerStatus.md
  - docs/models/shared/Metadata.md
  - docs/models/shared/Phone.md
  - docs/models/shared/Contact.md
  - docs/models/shared/PhoneNumberType.md
  - docs/models/shared/Items.md
  - docs/models/shared/AccountingAddressType.md
  - docs/models/shared/AccountingAddress.md
  - docs/models/shared/Customer.md
  - docs/models/shared/Customers.md
  - docs/models/shared/UpdateCustomerResponseAccountingAddress.md
  - docs/models/shared/UpdateCustomerResponseAccountingCustomer.md
  - docs/models/shared/UpdateCustomerResponse.md
  - docs/models/shared/AccountingSupplier.md
  - docs/models/shared/CreateSupplierResponse.md
  - docs/models/shared/SupplierStatus.md
  - docs/models/shared/Supplier.md
  - docs/models/shared/Suppliers.md
  - docs/models/shared/UpdateSupplierResponseAccountingSupplier.md
  - docs/models/shared/UpdateSupplierResponse.md
  - docs/models/shared/DataTypes.md
  - docs/models/shared/DataStatus.md
  - docs/models/shared/Status.md
  - docs/models/shared/PullOperation.md
  - docs/models/shared/PullOperations.md
  - docs/models/shared/SchemaDataType.md
  - docs/models/shared/PushOperation.md
  - docs/models/shared/PushOperations.md
  - docs/models/shared/CompanyConfiguration.md
  - docs/models/shared/SupplierDetails.md
  - docs/models/shared/CustomerDetails.md
  - docs/models/shared/BankAccount.md
  - docs/models/shared/MappingOptions.md
  - docs/models/shared/TrackingCategoryMappingInfo.md
  - docs/models/shared/TaxRateMappingInfoValidTransactionTypes.md
  - docs/models/shared/TaxRateMappingInfo.md
  - docs/models/shared/AccountMappingInfoAccountType.md
  - docs/models/shared/ValidTransactionTypes.md
  - docs/models/shared/AccountMappingInfo.md
  - docs/models/shared/CreateExpenseResponse.md
  - docs/models/shared/CreateExpenseRequest.md
  - docs/models/shared/BankAccountReference.md
  - docs/models/shared/ExpenseTransactionType.md
  - docs/models/shared/ExpenseTransaction.md
  - docs/models/shared/ExpenseTransactionLine.md
  - docs/models/shared/TrackingRefDataType.md
  - docs/models/shared/TrackingRef.md
  - docs/models/shared/RecordRef.md
  - docs/models/shared/InvoiceToDataType.md
  - docs/models/shared/InvoiceTo.md
  - docs/models/shared/Type.md
  - docs/models/shared/ContactRef.md
  - docs/models/shared/UpdateExpenseResponse.md
  - docs/models/shared/UpdateExpenseRequestBankAccountReference.md
  - docs/models/shared/UpdateExpenseRequest.md
  - docs/models/shared/Attachment.md
  - docs/models/shared/AttachmentUpload.md
  - docs/models/shared/CodatFile.md
  - docs/models/shared/CompanySyncStatus.md
  - docs/models/shared/SyncInitiated.md
  - docs/models/shared/InitiateSync.md
  - docs/models/shared/Transaction.md
  - docs/models/shared/TransactionStatus.md
  - docs/models/shared/IntegrationType.md
  - docs/models/shared/Transactions.md
  - docs/models/shared/Security.md
  - docs/models/shared/ClientRateLimitReachedWebhook.md
  - docs/models/shared/ClientRateLimitReachedWebhookData.md
  - docs/models/shared/ClientRateLimitResetWebhook.md
  - docs/models/shared/ClientRateLimitResetWebhookData.md
  - docs/models/shared/SyncCompleteWebhook.md
  - docs/models/shared/SyncCompleteWebhookData.md
  - docs/models/shared/SyncFailedWebhook.md
  - docs/models/shared/SyncFailedWebhookData.md
  - docs/models/shared/Data.md
  - docs/models/shared/SyncStartedWebhook.md
  - docs/models/webhooks/ClientRateLimitReachedResponse.md
  - docs/models/webhooks/ClientRateLimitResetResponse.md
  - docs/models/webhooks/SyncCompleteResponse.md
  - docs/models/webhooks/SyncFailedResponse.md
  - docs/models/webhooks/SyncStartedResponse.md
  - docs/sdks/codatsyncexpenses/README.md
  - docs/sdks/companies/README.md
  - docs/sdks/connections/README.md
  - docs/sdks/accounts/README.md
  - docs/sdks/customers/README.md
  - docs/sdks/suppliers/README.md
  - docs/sdks/managedata/README.md
  - docs/sdks/pushoperations/README.md
  - docs/sdks/configuration/README.md
  - docs/sdks/expenses/README.md
  - docs/sdks/sync/README.md
  - docs/sdks/transactionstatus/README.md
  - USAGE.md
