lockVersion: 2.0.0
id: dd8aebf9-6f1e-4e8f-81ce-5cdc4c94b9b4
management:
  docChecksum: e32088f3dd5bfcb0a9fdce3f963610f9
  docVersion: 3.0.0
  speakeasyVersion: internal
  generationVersion: 2.268.0
  releaseVersion: 0.1.0
  configChecksum: 7381221750d5586b1fba8b6e489e3e82
  repoURL: https://github.com/codatio/client-sdk-java.git
  repoSubDirectory: previous-versions/banking
  published: true
features:
  java:
    constsAndDefaults: 0.1.0
    core: 3.12.4
    deprecations: 2.81.1
    examples: 2.81.3
    globalSecurity: 2.82.2
    globalServerURLs: 2.82.1
    nameOverrides: 2.81.2
    retries: 0.1.1
generatedFiles:
  - src/main/java/io/codat/banking/SecuritySource.java
  - src/main/java/io/codat/banking/SDKConfiguration.java
  - src/main/java/io/codat/banking/AccountBalances.java
  - src/main/java/io/codat/banking/Accounts.java
  - src/main/java/io/codat/banking/TransactionCategories.java
  - src/main/java/io/codat/banking/Transactions.java
  - src/main/java/io/codat/banking/models/operations/ListAccountBalancesRequestBuilder.java
  - src/main/java/io/codat/banking/models/operations/GetAccountRequestBuilder.java
  - src/main/java/io/codat/banking/models/operations/ListAccountsRequestBuilder.java
  - src/main/java/io/codat/banking/models/operations/GetTransactionCategoryRequestBuilder.java
  - src/main/java/io/codat/banking/models/operations/ListTransactionCategoriesRequestBuilder.java
  - src/main/java/io/codat/banking/models/operations/GetTransactionRequestBuilder.java
  - src/main/java/io/codat/banking/models/operations/ListTransactionsRequestBuilder.java
  - src/main/java/io/codat/banking/models/operations/ListBankTransactionsRequestBuilder.java
  - src/main/java/io/codat/banking/models/operations/SDKMethodInterfaces.java
  - src/main/java/io/codat/banking/CodatBanking.java
  - .gitattributes
  - build.gradle
  - gradle/wrapper/gradle-wrapper.jar
  - gradle/wrapper/gradle-wrapper.properties
  - gradlew
  - gradlew.bat
  - settings.gradle
  - src/main/java/io/codat/banking/utils/BackoffStrategy.java
  - src/main/java/io/codat/banking/utils/FormMetadata.java
  - src/main/java/io/codat/banking/utils/HTTPClient.java
  - src/main/java/io/codat/banking/utils/HTTPRequest.java
  - src/main/java/io/codat/banking/utils/HeaderMetadata.java
  - src/main/java/io/codat/banking/utils/JSON.java
  - src/main/java/io/codat/banking/utils/LazySingletonValue.java
  - src/main/java/io/codat/banking/utils/Metadata.java
  - src/main/java/io/codat/banking/utils/MultipartFormMetadata.java
  - src/main/java/io/codat/banking/utils/OneOfDeserializer.java
  - src/main/java/io/codat/banking/utils/Options.java
  - src/main/java/io/codat/banking/utils/PathParamsMetadata.java
  - src/main/java/io/codat/banking/utils/QueryParameters.java
  - src/main/java/io/codat/banking/utils/QueryParamsMetadata.java
  - src/main/java/io/codat/banking/utils/RequestBody.java
  - src/main/java/io/codat/banking/utils/RequestMetadata.java
  - src/main/java/io/codat/banking/utils/Retries.java
  - src/main/java/io/codat/banking/utils/RetryConfig.java
  - src/main/java/io/codat/banking/utils/Security.java
  - src/main/java/io/codat/banking/utils/SecurityMetadata.java
  - src/main/java/io/codat/banking/utils/SerializedBody.java
  - src/main/java/io/codat/banking/utils/SpeakeasyHTTPClient.java
  - src/main/java/io/codat/banking/utils/SpeakeasyHTTPSecurityClient.java
  - src/main/java/io/codat/banking/utils/SpeakeasyMetadata.java
  - src/main/java/io/codat/banking/utils/Types.java
  - src/main/java/io/codat/banking/utils/Utils.java
  - src/main/java/io/codat/banking/models/errors/SDKError.java
  - src/main/java/io/codat/banking/models/operations/ListAccountBalancesRequest.java
  - src/main/java/io/codat/banking/models/operations/ListAccountBalancesResponse.java
  - src/main/java/io/codat/banking/models/operations/GetAccountRequest.java
  - src/main/java/io/codat/banking/models/operations/GetAccountResponse.java
  - src/main/java/io/codat/banking/models/operations/ListAccountsRequest.java
  - src/main/java/io/codat/banking/models/operations/ListAccountsResponse.java
  - src/main/java/io/codat/banking/models/operations/GetTransactionCategoryRequest.java
  - src/main/java/io/codat/banking/models/operations/GetTransactionCategoryResponse.java
  - src/main/java/io/codat/banking/models/operations/ListTransactionCategoriesRequest.java
  - src/main/java/io/codat/banking/models/operations/ListTransactionCategoriesResponse.java
  - src/main/java/io/codat/banking/models/operations/GetTransactionRequest.java
  - src/main/java/io/codat/banking/models/operations/GetTransactionResponse.java
  - src/main/java/io/codat/banking/models/operations/ListTransactionsRequest.java
  - src/main/java/io/codat/banking/models/operations/ListTransactionsResponse.java
  - src/main/java/io/codat/banking/models/operations/ListBankTransactionsRequest.java
  - src/main/java/io/codat/banking/models/operations/ListBankTransactionsResponse.java
  - src/main/java/io/codat/banking/models/components/ErrorMessage.java
  - src/main/java/io/codat/banking/models/components/ErrorValidation.java
  - src/main/java/io/codat/banking/models/components/ErrorValidationItem.java
  - src/main/java/io/codat/banking/models/components/AccountBalances.java
  - src/main/java/io/codat/banking/models/components/AccountBalance.java
  - src/main/java/io/codat/banking/models/components/AccountBalanceAmounts.java
  - src/main/java/io/codat/banking/models/components/Links.java
  - src/main/java/io/codat/banking/models/components/HalRef.java
  - src/main/java/io/codat/banking/models/components/Account.java
  - src/main/java/io/codat/banking/models/components/AccountType.java
  - src/main/java/io/codat/banking/models/components/AccountInstitution.java
  - src/main/java/io/codat/banking/models/components/AccountIdentifiers.java
  - src/main/java/io/codat/banking/models/components/AccountIdentifierType.java
  - src/main/java/io/codat/banking/models/components/Accounts.java
  - src/main/java/io/codat/banking/models/components/TransactionCategory.java
  - src/main/java/io/codat/banking/models/components/TransactionCategoryStatus.java
  - src/main/java/io/codat/banking/models/components/TransactionCategories.java
  - src/main/java/io/codat/banking/models/components/Transaction.java
  - src/main/java/io/codat/banking/models/components/TransactionCategoryRef.java
  - src/main/java/io/codat/banking/models/components/TransactionCode.java
  - src/main/java/io/codat/banking/models/components/Transactions.java
  - src/main/java/io/codat/banking/models/components/Security.java
  - docs/models/operations/ListAccountBalancesRequest.md
  - docs/models/operations/ListAccountBalancesResponse.md
  - docs/models/operations/GetAccountRequest.md
  - docs/models/operations/GetAccountResponse.md
  - docs/models/operations/ListAccountsRequest.md
  - docs/models/operations/ListAccountsResponse.md
  - docs/models/operations/GetTransactionCategoryRequest.md
  - docs/models/operations/GetTransactionCategoryResponse.md
  - docs/models/operations/ListTransactionCategoriesRequest.md
  - docs/models/operations/ListTransactionCategoriesResponse.md
  - docs/models/operations/GetTransactionRequest.md
  - docs/models/operations/GetTransactionResponse.md
  - docs/models/operations/ListTransactionsRequest.md
  - docs/models/operations/ListTransactionsResponse.md
  - docs/models/operations/ListBankTransactionsRequest.md
  - docs/models/operations/ListBankTransactionsResponse.md
  - docs/models/components/ErrorMessage.md
  - docs/models/components/ErrorValidation.md
  - docs/models/components/ErrorValidationItem.md
  - docs/models/components/AccountBalances.md
  - docs/models/components/AccountBalance.md
  - docs/models/components/AccountBalanceAmounts.md
  - docs/models/components/Links.md
  - docs/models/components/HalRef.md
  - docs/models/components/Account.md
  - docs/models/components/AccountType.md
  - docs/models/components/AccountInstitution.md
  - docs/models/components/AccountIdentifiers.md
  - docs/models/components/AccountIdentifierType.md
  - docs/models/components/Accounts.md
  - docs/models/components/TransactionCategory.md
  - docs/models/components/TransactionCategoryStatus.md
  - docs/models/components/TransactionCategories.md
  - docs/models/components/Transaction.md
  - docs/models/components/TransactionCategoryRef.md
  - docs/models/components/TransactionCode.md
  - docs/models/components/Transactions.md
  - docs/models/components/Security.md
  - docs/sdks/codatbanking/README.md
  - docs/sdks/accountbalances/README.md
  - docs/sdks/accounts/README.md
  - docs/sdks/transactioncategories/README.md
  - docs/sdks/transactions/README.md
  - USAGE.md
